{
  "version": 4,
  "terraform_version": "1.14.8",
  "serial": 309,
  "lineage": "51c2cefd-a38d-a99f-e4ee-9452045a2c15",
  "outputs": {
    "artifact_registry_uri": {
      "value": "zsynergy",
      "type": "string"
    },
    "classifier_service_name": {
      "value": "aeromontek-classifier",
      "type": "string"
    },
    "classifier_service_url": {
      "value": "https://aeromontek-classifier-qy24fq5gwa-uk.a.run.app",
      "type": "string"
    },
    "cloudbuild_trigger_id": {
      "value": "disabled",
      "type": "string"
    },
    "eventarc_trigger_classifier": {
      "value": "storage-finalize-classifier-trigger",
      "type": "string"
    },
    "eventarc_trigger_springboot": {
      "value": "storage-finalize-springboot-trigger",
      "type": "string"
    },
    "iam_summary": {
      "value": {
        "classifier": "zsds-sa-classifier@zsynergy.iam.gserviceaccount.com",
        "classifier_roles": [
          "roles/pubsub.publisher",
          "roles/pubsub.subscriber",
          "roles/storage.objectViewer",
          "roles/datastore.user",
          "roles/logging.logWriter",
          "roles/secretmanager.secretAccessor"
        ],
        "frontend": "zsds-sa-frontend@zsynergy.iam.gserviceaccount.com",
        "frontend_roles": [
          "roles/run.invoker"
        ],
        "springboot": "zsds-sa-springboot@zsynergy.iam.gserviceaccount.com",
        "springboot_roles": [
          "roles/cloudsql.client",
          "roles/pubsub.publisher",
          "roles/pubsub.subscriber",
          "roles/storage.objectViewer",
          "roles/datastore.user",
          "roles/secretmanager.secretAccessor"
        ]
      },
      "type": [
        "object",
        {
          "classifier": "string",
          "classifier_roles": [
            "tuple",
            [
              "string",
              "string",
              "string",
              "string",
              "string",
              "string"
            ]
          ],
          "frontend": "string",
          "frontend_roles": [
            "tuple",
            [
              "string"
            ]
          ],
          "springboot": "string",
          "springboot_roles": [
            "tuple",
            [
              "string",
              "string",
              "string",
              "string",
              "string",
              "string"
            ]
          ]
        }
      ]
    },
    "pubsub_subscription_ids": {
      "value": {
        "classifier_request": "projects/zsynergy/subscriptions/document-classification-request-python-sub",
        "progress_firebase": "projects/zsynergy/subscriptions/document-classification-progress-firebase-sub",
        "result_springboot": "projects/zsynergy/subscriptions/document-classification-result-springboot-sub"
      },
      "type": [
        "object",
        {
          "classifier_request": "string",
          "progress_firebase": "string",
          "result_springboot": "string"
        }
      ]
    },
    "pubsub_topic_ids": {
      "value": {
        "document-classification-progress": "projects/zsynergy/topics/document-classification-progress",
        "document-classification-request": "projects/zsynergy/topics/document-classification-request",
        "document-classification-result": "projects/zsynergy/topics/document-classification-result",
        "invoice-events": "projects/zsynergy/topics/invoice-events",
        "storage-finalize-events": "projects/zsynergy/topics/storage-finalize-events"
      },
      "type": [
        "object",
        {
          "document-classification-progress": "string",
          "document-classification-request": "string",
          "document-classification-result": "string",
          "invoice-events": "string",
          "storage-finalize-events": "string"
        }
      ]
    },
    "sa_classifier_email": {
      "value": "zsds-sa-classifier@zsynergy.iam.gserviceaccount.com",
      "type": "string"
    },
    "sa_frontend_email": {
      "value": "zsds-sa-frontend@zsynergy.iam.gserviceaccount.com",
      "type": "string"
    },
    "sa_springboot_email": {
      "value": "zsds-sa-springboot@zsynergy.iam.gserviceaccount.com",
      "type": "string"
    },
    "secret_ids": {
      "value": {
        "aeromon-db-password": "projects/zsynergy/secrets/aeromon-db-password",
        "aeromon-email-completed-url": "projects/zsynergy/secrets/aeromon-email-completed-url",
        "aeromon-firebase-admin-sa": "projects/zsynergy/secrets/aeromon-firebase-admin-sa",
        "aeromon-firebase-api-key": "projects/zsynergy/secrets/aeromon-firebase-api-key",
        "aeromon-firebase-app-id": "projects/zsynergy/secrets/aeromon-firebase-app-id",
        "aeromon-firebase-messaging-sender-id": "projects/zsynergy/secrets/aeromon-firebase-messaging-sender-id",
        "aeromon-gemini-api-key": "projects/zsynergy/secrets/aeromon-gemini-api-key",
        "aeromon-google-client-id": "projects/zsynergy/secrets/aeromon-google-client-id",
        "aeromon-google-client-secret": "projects/zsynergy/secrets/aeromon-google-client-secret",
        "aeromon-google-error-redirect": "projects/zsynergy/secrets/aeromon-google-error-redirect",
        "aeromon-google-redirect-uri": "projects/zsynergy/secrets/aeromon-google-redirect-uri",
        "aeromon-google-revoke-url": "projects/zsynergy/secrets/aeromon-google-revoke-url",
        "aeromon-google-success-redirect": "projects/zsynergy/secrets/aeromon-google-success-redirect",
        "aeromon-hf-token": "projects/zsynergy/secrets/aeromon-hf-token",
        "aeromon-oauth-state-secret": "projects/zsynergy/secrets/aeromon-oauth-state-secret",
        "aeromon-openai-api-key": "projects/zsynergy/secrets/aeromon-openai-api-key"
      },
      "type": [
        "object",
        {
          "aeromon-db-password": "string",
          "aeromon-email-completed-url": "string",
          "aeromon-firebase-admin-sa": "string",
          "aeromon-firebase-api-key": "string",
          "aeromon-firebase-app-id": "string",
          "aeromon-firebase-messaging-sender-id": "string",
          "aeromon-gemini-api-key": "string",
          "aeromon-google-client-id": "string",
          "aeromon-google-client-secret": "string",
          "aeromon-google-error-redirect": "string",
          "aeromon-google-redirect-uri": "string",
          "aeromon-google-revoke-url": "string",
          "aeromon-google-success-redirect": "string",
          "aeromon-hf-token": "string",
          "aeromon-oauth-state-secret": "string",
          "aeromon-openai-api-key": "string"
        }
      ]
    },
    "springboot_service_name": {
      "value": "aeromontek-api",
      "type": "string"
    },
    "springboot_service_url": {
      "value": "https://aeromontek-api-qy24fq5gwa-uk.a.run.app",
      "type": "string"
    }
  },
  "resources": [
    {
      "mode": "managed",
      "type": "google_artifact_registry_repository",
      "name": "docker_repo",
      "provider": "provider[\"registry.terraform.io/hashicorp/google\"]",
      "instances": [
        {
          "index_key": 0,
          "schema_version": 0,
          "attributes": {
            "cleanup_policies": [],
            "cleanup_policy_dry_run": false,
            "create_time": "2026-04-11T11:34:08.775940Z",
            "description": "ZSynergy Docker images",
            "docker_config": [
              {
                "immutable_tags": false
              }
            ],
            "effective_labels": {},
            "format": "DOCKER",
            "id": "projects/zsynergy/locations/us/repositories/zsynergy",
            "kms_key_name": "",
            "labels": {},
            "location": "us",
            "maven_config": [],
            "mode": "STANDARD_REPOSITORY",
            "name": "zsynergy",
            "project": "zsynergy",
            "remote_repository_config": [],
            "repository_id": "zsynergy",
            "terraform_labels": {},
            "timeouts": null,
            "update_time": "2026-04-17T01:49:14.501950Z",
            "virtual_repository_config": []
          },
          "sensitive_attributes": [],
          "identity_schema_version": 0,
          "private": "eyJlMmJmYjczMC1lY2FhLTExZTYtOGY4OC0zNDM2M2JjN2M0YzAiOnsiY3JlYXRlIjoxMjAwMDAwMDAwMDAwLCJkZWxldGUiOjEyMDAwMDAwMDAwMDAsInVwZGF0ZSI6MTIwMDAwMDAwMDAwMH19"
        }
      ]
    },
    {
      "mode": "managed",
      "type": "google_cloud_run_v2_service",
      "name": "classifier",
      "provider": "provider[\"registry.terraform.io/hashicorp/google\"]",
      "instances": [
        {
          "index_key": 0,
          "schema_version": 0,
          "attributes": {
            "annotations": {},
            "binary_authorization": [],
            "client": "",
            "client_version": "",
            "conditions": [
              {
                "execution_reason": "",
                "last_transition_time": "2026-04-16T23:52:56.177431Z",
                "message": "",
                "reason": "",
                "revision_reason": "",
                "severity": "",
                "state": "CONDITION_SUCCEEDED",
                "type": "RoutesReady"
              },
              {
                "execution_reason": "",
                "last_transition_time": "2026-04-16T20:52:46.746203Z",
                "message": "",
                "reason": "",
                "revision_reason": "",
                "severity": "",
                "state": "CONDITION_SUCCEEDED",
                "type": "ConfigurationsReady"
              }
            ],
            "create_time": "2026-04-11T14:30:00.054611Z",
            "creator": "chandra@vxlllc.com",
            "custom_audiences": [],
            "delete_time": "",
            "description": "",
            "effective_annotations": {},
            "effective_labels": {
              "app": "aeromontek",
              "build-sha": "3b691f4",
              "component": "classifier",
              "tier": "backend"
            },
            "etag": "\"CNbshc8GELip6_sC/cHJvamVjdHMvenN5bmVyZ3kvbG9jYXRpb25zL3VzLWVhc3Q0L3NlcnZpY2VzL2Flcm9tb250ZWstY2xhc3NpZmllcg\"",
            "expire_time": "",
            "generation": "45",
            "id": "projects/zsynergy/locations/us-east4/services/aeromontek-classifier",
            "ingress": "INGRESS_TRAFFIC_INTERNAL_LOAD_BALANCER",
            "labels": {},
            "last_modifier": "chandra@vxlllc.com",
            "latest_created_revision": "projects/zsynergy/locations/us-east4/services/aeromontek-classifier/revisions/aeromontek-classifier-00040-p67",
            "latest_ready_revision": "projects/zsynergy/locations/us-east4/services/aeromontek-classifier/revisions/aeromontek-classifier-00040-p67",
            "launch_stage": "GA",
            "location": "us-east4",
            "name": "aeromontek-classifier",
            "observed_generation": "45",
            "project": "zsynergy",
            "reconciling": false,
            "template": [
              {
                "annotations": {},
                "containers": [
                  {
                    "args": [],
                    "command": [],
                    "depends_on": [],
                    "env": [
                      {
                        "name": "GCP_PROJECT_ID",
                        "value": "zsynergy",
                        "value_source": []
                      },
                      {
                        "name": "GOOGLE_CLOUD_PROJECT",
                        "value": "zsynergy",
                        "value_source": []
                      },
                      {
                        "name": "FIRESTORE_PROJECT_ID",
                        "value": "zsynergy",
                        "value_source": []
                      },
                      {
                        "name": "MAX_WORKERS",
                        "value": "5",
                        "value_source": []
                      },
                      {
                        "name": "CHROMADB_TELEMETRY",
                        "value": "FALSE",
                        "value_source": []
                      },
                      {
                        "name": "OPENAI_API_KEY",
                        "value": "",
                        "value_source": [
                          {
                            "secret_key_ref": [
                              {
                                "secret": "aeromon-openai-api-key",
                                "version": "latest"
                              }
                            ]
                          }
                        ]
                      },
                      {
                        "name": "GEMINI_API_KEY",
                        "value": "",
                        "value_source": [
                          {
                            "secret_key_ref": [
                              {
                                "secret": "aeromon-gemini-api-key",
                                "version": "latest"
                              }
                            ]
                          }
                        ]
                      },
                      {
                        "name": "HF_TOKEN",
                        "value": "",
                        "value_source": [
                          {
                            "secret_key_ref": [
                              {
                                "secret": "aeromon-hf-token",
                                "version": "latest"
                              }
                            ]
                          }
                        ]
                      }
                    ],
                    "image": "us-docker.pkg.dev/zsynergy/zsynergy/aeromontek-classifier:latest",
                    "liveness_probe": [
                      {
                        "failure_threshold": 3,
                        "grpc": [],
                        "http_get": [
                          {
                            "http_headers": [],
                            "path": "/health",
                            "port": 8080
                          }
                        ],
                        "initial_delay_seconds": 10,
                        "period_seconds": 30,
                        "tcp_socket": [],
                        "timeout_seconds": 10
                      }
                    ],
                    "name": "",
                    "ports": [
                      {
                        "container_port": 8080,
                        "name": "http1"
                      }
                    ],
                    "resources": [
                      {
                        "cpu_idle": false,
                        "limits": {
                          "cpu": "2",
                          "memory": "2Gi"
                        },
                        "startup_cpu_boost": true
                      }
                    ],
                    "startup_probe": [
                      {
                        "failure_threshold": 6,
                        "grpc": [],
                        "http_get": [
                          {
                            "http_headers": [],
                            "path": "/health",
                            "port": 8080
                          }
                        ],
                        "initial_delay_seconds": 60,
                        "period_seconds": 10,
                        "tcp_socket": [],
                        "timeout_seconds": 10
                      }
                    ],
                    "volume_mounts": [],
                    "working_dir": ""
                  }
                ],
                "encryption_key": "",
                "execution_environment": "EXECUTION_ENVIRONMENT_GEN2",
                "labels": {
                  "app": "aeromontek",
                  "build-sha": "3b691f4",
                  "component": "classifier",
                  "tier": "backend"
                },
                "max_instance_request_concurrency": 5,
                "revision": "",
                "scaling": [
                  {
                    "max_instance_count": 10,
                    "min_instance_count": 0
                  }
                ],
                "service_account": "zsds-sa-classifier@zsynergy.iam.gserviceaccount.com",
                "session_affinity": false,
                "timeout": "600s",
                "volumes": [],
                "vpc_access": []
              }
            ],
            "terminal_condition": [
              {
                "execution_reason": "",
                "last_transition_time": "2026-04-16T23:52:56.198941Z",
                "message": "",
                "reason": "",
                "revision_reason": "",
                "severity": "",
                "state": "CONDITION_SUCCEEDED",
                "type": "Ready"
              }
            ],
            "terraform_labels": {},
            "timeouts": null,
            "traffic": [
              {
                "percent": 100,
                "revision": "",
                "tag": "",
                "type": "TRAFFIC_TARGET_ALLOCATION_TYPE_LATEST"
              }
            ],
            "traffic_statuses": [
              {
                "percent": 100,
                "revision": "",
                "tag": "",
                "type": "TRAFFIC_TARGET_ALLOCATION_TYPE_LATEST",
                "uri": ""
              }
            ],
            "uid": "dd69fb58-b98a-49a0-940f-74248b1a402c",
            "update_time": "2026-04-16T23:52:54.796579Z",
            "uri": "https://aeromontek-classifier-qy24fq5gwa-uk.a.run.app"
          },
          "sensitive_attributes": [],
          "identity_schema_version": 0,
          "private": "eyJlMmJmYjczMC1lY2FhLTExZTYtOGY4OC0zNDM2M2JjN2M0YzAiOnsiY3JlYXRlIjoxMjAwMDAwMDAwMDAwLCJkZWxldGUiOjEyMDAwMDAwMDAwMDAsInVwZGF0ZSI6MTIwMDAwMDAwMDAwMH19",
          "dependencies": [
            "google_secret_manager_secret.secrets",
            "google_service_account.classifier"
          ]
        }
      ]
    },
    {
      "mode": "managed",
      "type": "google_cloud_run_v2_service",
      "name": "springboot",
      "provider": "provider[\"registry.terraform.io/hashicorp/google\"]",
      "instances": [
        {
          "index_key": 0,
          "schema_version": 0,
          "attributes": {
            "annotations": {},
            "binary_authorization": [],
            "client": "",
            "client_version": "",
            "conditions": [
              {
                "execution_reason": "",
                "last_transition_time": "2026-04-17T03:05:57.399525Z",
                "message": "",
                "reason": "",
                "revision_reason": "",
                "severity": "",
                "state": "CONDITION_SUCCEEDED",
                "type": "RoutesReady"
              },
              {
                "execution_reason": "",
                "last_transition_time": "2026-04-17T01:49:31.397984Z",
                "message": "",
                "reason": "",
                "revision_reason": "",
                "severity": "",
                "state": "CONDITION_SUCCEEDED",
                "type": "ConfigurationsReady"
              }
            ],
            "create_time": "2026-04-11T23:24:15.493955Z",
            "creator": "chandra@vxlllc.com",
            "custom_audiences": [],
            "delete_time": "",
            "description": "",
            "effective_annotations": {},
            "effective_labels": {
              "app": "aeromontek",
              "build-sha": "3b691f4",
              "component": "api",
              "tier": "backend"
            },
            "etag": "\"CJTHhs8GEMCtoxI/cHJvamVjdHMvenN5bmVyZ3kvbG9jYXRpb25zL3VzLWVhc3Q0L3NlcnZpY2VzL2Flcm9tb250ZWstYXBp\"",
            "expire_time": "",
            "generation": "180",
            "id": "projects/zsynergy/locations/us-east4/services/aeromontek-api",
            "ingress": "INGRESS_TRAFFIC_INTERNAL_LOAD_BALANCER",
            "labels": {},
            "last_modifier": "chandra@vxlllc.com",
            "latest_created_revision": "projects/zsynergy/locations/us-east4/services/aeromontek-api/revisions/aeromontek-api-00158-dz4",
            "latest_ready_revision": "projects/zsynergy/locations/us-east4/services/aeromontek-api/revisions/aeromontek-api-00158-dz4",
            "launch_stage": "GA",
            "location": "us-east4",
            "name": "aeromontek-api",
            "observed_generation": "180",
            "project": "zsynergy",
            "reconciling": false,
            "template": [
              {
                "annotations": {},
                "containers": [
                  {
                    "args": [],
                    "command": [],
                    "depends_on": [],
                    "env": [
                      {
                        "name": "GCP_PROJECT_ID",
                        "value": "zsynergy",
                        "value_source": []
                      },
                      {
                        "name": "GOOGLE_CLOUD_PROJECT",
                        "value": "zsynergy",
                        "value_source": []
                      },
                      {
                        "name": "FIREBASE_PROJECT_ID",
                        "value": "zsynergy",
                        "value_source": []
                      },
                      {
                        "name": "SPRING_PROFILES_ACTIVE",
                        "value": "cloudrun",
                        "value_source": []
                      },
                      {
                        "name": "SERVER_PORT",
                        "value": "8080",
                        "value_source": []
                      },
                      {
                        "name": "CLOUD_SQL_INSTANCE",
                        "value": "zsynergy:us-east4:zsynergy-pg",
                        "value_source": []
                      },
                      {
                        "name": "DB_NAME",
                        "value": "zsynergy",
                        "value_source": []
                      },
                      {
                        "name": "GCS_BUCKET",
                        "value": "zsynergy.firebasestorage.app",
                        "value_source": []
                      },
                      {
                        "name": "SPRING_CLOUD_GCP_STORAGE_BUCKET",
                        "value": "zsynergy.firebasestorage.app",
                        "value_source": []
                      },
                      {
                        "name": "GCS_BASE_BUCKET",
                        "value": "zsynergy.firebasestorage.app",
                        "value_source": []
                      },
                      {
                        "name": "CLASSIFIER_BASE_URL",
                        "value": "https://aeromontek-classifier-qy24fq5gwa-uk.a.run.app",
                        "value_source": []
                      },
                      {
                        "name": "DB_PASSWORD",
                        "value": "",
                        "value_source": [
                          {
                            "secret_key_ref": [
                              {
                                "secret": "aeromon-db-password",
                                "version": "latest"
                              }
                            ]
                          }
                        ]
                      },
                      {
                        "name": "OAUTH_STATE_SECRET",
                        "value": "",
                        "value_source": [
                          {
                            "secret_key_ref": [
                              {
                                "secret": "aeromon-oauth-state-secret",
                                "version": "latest"
                              }
                            ]
                          }
                        ]
                      },
                      {
                        "name": "GOOGLE_CLIENT_ID",
                        "value": "",
                        "value_source": [
                          {
                            "secret_key_ref": [
                              {
                                "secret": "aeromon-google-client-id",
                                "version": "latest"
                              }
                            ]
                          }
                        ]
                      },
                      {
                        "name": "GOOGLE_CLIENT_SECRET",
                        "value": "",
                        "value_source": [
                          {
                            "secret_key_ref": [
                              {
                                "secret": "aeromon-google-client-secret",
                                "version": "latest"
                              }
                            ]
                          }
                        ]
                      },
                      {
                        "name": "GOOGLE_REDIRECT_URI",
                        "value": "",
                        "value_source": [
                          {
                            "secret_key_ref": [
                              {
                                "secret": "aeromon-google-redirect-uri",
                                "version": "latest"
                              }
                            ]
                          }
                        ]
                      },
                      {
                        "name": "GOOGLE_DRIVE_OAUTH_SUCCESS_REDIRECT",
                        "value": "",
                        "value_source": [
                          {
                            "secret_key_ref": [
                              {
                                "secret": "aeromon-google-success-redirect",
                                "version": "latest"
                              }
                            ]
                          }
                        ]
                      },
                      {
                        "name": "GOOGLE_DRIVE_OAUTH_ERROR_REDIRECT",
                        "value": "",
                        "value_source": [
                          {
                            "secret_key_ref": [
                              {
                                "secret": "aeromon-google-error-redirect",
                                "version": "latest"
                              }
                            ]
                          }
                        ]
                      },
                      {
                        "name": "GOOGLE_DRIVE_OAUTH_REVOKE_URL",
                        "value": "",
                        "value_source": [
                          {
                            "secret_key_ref": [
                              {
                                "secret": "aeromon-google-revoke-url",
                                "version": "latest"
                              }
                            ]
                          }
                        ]
                      },
                      {
                        "name": "EMAIL_NOTIFICATION_CLASSIFICATION_COMPLETED_URL",
                        "value": "",
                        "value_source": [
                          {
                            "secret_key_ref": [
                              {
                                "secret": "aeromon-email-completed-url",
                                "version": "latest"
                              }
                            ]
                          }
                        ]
                      },
                      {
                        "name": "SPRING_MAIL_USERNAME",
                        "value": "",
                        "value_source": [
                          {
                            "secret_key_ref": [
                              {
                                "secret": "aeromon-mail-username",
                                "version": "latest"
                              }
                            ]
                          }
                        ]
                      },
                      {
                        "name": "SPRING_MAIL_PASSWORD",
                        "value": "",
                        "value_source": [
                          {
                            "secret_key_ref": [
                              {
                                "secret": "aeromon-mail-password",
                                "version": "latest"
                              }
                            ]
                          }
                        ]
                      }
                    ],
                    "image": "us-docker.pkg.dev/zsynergy/zsynergy/aeromontek-api:latest",
                    "liveness_probe": [
                      {
                        "failure_threshold": 3,
                        "grpc": [],
                        "http_get": [
                          {
                            "http_headers": [],
                            "path": "/actuator/health/liveness",
                            "port": 8080
                          }
                        ],
                        "initial_delay_seconds": 10,
                        "period_seconds": 10,
                        "tcp_socket": [],
                        "timeout_seconds": 5
                      }
                    ],
                    "name": "",
                    "ports": [
                      {
                        "container_port": 8080,
                        "name": "http1"
                      }
                    ],
                    "resources": [
                      {
                        "cpu_idle": false,
                        "limits": {
                          "cpu": "1",
                          "memory": "1Gi"
                        },
                        "startup_cpu_boost": true
                      }
                    ],
                    "startup_probe": [
                      {
                        "failure_threshold": 3,
                        "grpc": [],
                        "http_get": [
                          {
                            "http_headers": [],
                            "path": "/actuator/health",
                            "port": 8080
                          }
                        ],
                        "initial_delay_seconds": 30,
                        "period_seconds": 10,
                        "tcp_socket": [],
                        "timeout_seconds": 10
                      }
                    ],
                    "volume_mounts": [
                      {
                        "mount_path": "/cloudsql",
                        "name": "cloudsql"
                      }
                    ],
                    "working_dir": ""
                  }
                ],
                "encryption_key": "",
                "execution_environment": "EXECUTION_ENVIRONMENT_GEN2",
                "labels": {
                  "app": "aeromontek",
                  "build-sha": "3b691f4",
                  "component": "api",
                  "tier": "backend"
                },
                "max_instance_request_concurrency": 40,
                "revision": "",
                "scaling": [
                  {
                    "max_instance_count": 10,
                    "min_instance_count": 0
                  }
                ],
                "service_account": "zsds-sa-springboot@zsynergy.iam.gserviceaccount.com",
                "session_affinity": false,
                "timeout": "300s",
                "volumes": [
                  {
                    "cloud_sql_instance": [
                      {
                        "instances": [
                          "zsynergy:us-east4:zsynergy-pg"
                        ]
                      }
                    ],
                    "gcs": [],
                    "name": "cloudsql",
                    "nfs": [],
                    "secret": []
                  }
                ],
                "vpc_access": []
              }
            ],
            "terminal_condition": [
              {
                "execution_reason": "",
                "last_transition_time": "2026-04-17T03:05:57.420552Z",
                "message": "",
                "reason": "",
                "revision_reason": "",
                "severity": "",
                "state": "CONDITION_SUCCEEDED",
                "type": "Ready"
              }
            ],
            "terraform_labels": {},
            "timeouts": null,
            "traffic": [
              {
                "percent": 100,
                "revision": "",
                "tag": "",
                "type": "TRAFFIC_TARGET_ALLOCATION_TYPE_LATEST"
              }
            ],
            "traffic_statuses": [
              {
                "percent": 100,
                "revision": "",
                "tag": "",
                "type": "TRAFFIC_TARGET_ALLOCATION_TYPE_LATEST",
                "uri": ""
              }
            ],
            "uid": "15886cad-2690-43dd-a9f0-d0e6066f5a59",
            "update_time": "2026-04-17T03:05:56.038328Z",
            "uri": "https://aeromontek-api-qy24fq5gwa-uk.a.run.app"
          },
          "sensitive_attributes": [],
          "identity_schema_version": 0,
          "private": "eyJlMmJmYjczMC1lY2FhLTExZTYtOGY4OC0zNDM2M2JjN2M0YzAiOnsiY3JlYXRlIjoxMjAwMDAwMDAwMDAwLCJkZWxldGUiOjEyMDAwMDAwMDAwMDAsInVwZGF0ZSI6MTIwMDAwMDAwMDAwMH19",
          "dependencies": [
            "google_cloud_run_v2_service.classifier",
            "google_secret_manager_secret.secrets",
            "google_service_account.classifier",
            "google_service_account.springboot"
          ]
        }
      ]
    },
    {
      "mode": "managed",
      "type": "google_cloud_run_v2_service_iam_member",
      "name": "frontend_invokes_classifier",
      "provider": "provider[\"registry.terraform.io/hashicorp/google\"]",
      "instances": [
        {
          "index_key": 0,
          "schema_version": 0,
          "attributes": {
            "condition": [],
            "etag": "BwZPmgRi8rc=",
            "id": "projects/zsynergy/locations/us-east4/services/aeromontek-classifier/roles/run.invoker/serviceAccount:zsds-sa-frontend@zsynergy.iam.gserviceaccount.com",
            "location": "us-east4",
            "member": "serviceAccount:zsds-sa-frontend@zsynergy.iam.gserviceaccount.com",
            "name": "projects/zsynergy/locations/us-east4/services/aeromontek-classifier",
            "project": "zsynergy",
            "role": "roles/run.invoker"
          },
          "sensitive_attributes": [],
          "identity_schema_version": 0,
          "private": "bnVsbA==",
          "dependencies": [
            "google_cloud_run_v2_service.classifier",
            "google_secret_manager_secret.secrets",
            "google_service_account.classifier",
            "google_service_account.frontend"
          ]
        }
      ]
    },
    {
      "mode": "managed",
      "type": "google_cloud_run_v2_service_iam_member",
      "name": "frontend_invokes_springboot",
      "provider": "provider[\"registry.terraform.io/hashicorp/google\"]",
      "instances": [
        {
          "index_key": 0,
          "schema_version": 0,
          "attributes": {
            "condition": [],
            "etag": "BwZPnix68Ss=",
            "id": "projects/zsynergy/locations/us-east4/services/aeromontek-api/roles/run.invoker/serviceAccount:zsds-sa-frontend@zsynergy.iam.gserviceaccount.com",
            "location": "us-east4",
            "member": "serviceAccount:zsds-sa-frontend@zsynergy.iam.gserviceaccount.com",
            "name": "projects/zsynergy/locations/us-east4/services/aeromontek-api",
            "project": "zsynergy",
            "role": "roles/run.invoker"
          },
          "sensitive_attributes": [],
          "identity_schema_version": 0,
          "private": "bnVsbA==",
          "dependencies": [
            "google_cloud_run_v2_service.classifier",
            "google_cloud_run_v2_service.springboot",
            "google_secret_manager_secret.secrets",
            "google_service_account.classifier",
            "google_service_account.frontend",
            "google_service_account.springboot"
          ]
        }
      ]
    },
    {
      "mode": "managed",
      "type": "google_cloud_run_v2_service_iam_member",
      "name": "springboot_invokes_classifier",
      "provider": "provider[\"registry.terraform.io/hashicorp/google\"]",
      "instances": [
        {
          "index_key": 0,
          "schema_version": 0,
          "attributes": {
            "condition": [],
            "etag": "BwZPmgRi8rc=",
            "id": "projects/zsynergy/locations/us-east4/services/aeromontek-classifier/roles/run.invoker/serviceAccount:zsds-sa-springboot@zsynergy.iam.gserviceaccount.com",
            "location": "us-east4",
            "member": "serviceAccount:zsds-sa-springboot@zsynergy.iam.gserviceaccount.com",
            "name": "projects/zsynergy/locations/us-east4/services/aeromontek-classifier",
            "project": "zsynergy",
            "role": "roles/run.invoker"
          },
          "sensitive_attributes": [],
          "identity_schema_version": 0,
          "private": "bnVsbA==",
          "dependencies": [
            "google_cloud_run_v2_service.classifier",
            "google_secret_manager_secret.secrets",
            "google_service_account.classifier",
            "google_service_account.springboot"
          ]
        }
      ]
    },
    {
      "mode": "managed",
      "type": "google_eventarc_trigger",
      "name": "storage_classifier",
      "provider": "provider[\"registry.terraform.io/hashicorp/google\"]",
      "instances": [
        {
          "index_key": 0,
          "schema_version": 0,
          "attributes": {
            "channel": "",
            "conditions": {},
            "create_time": "2026-04-14T20:07:26.887940719Z",
            "destination": [
              {
                "cloud_function": "",
                "cloud_run_service": [
                  {
                    "path": "/storage/finalize",
                    "region": "us-east4",
                    "service": "aeromontek-classifier"
                  }
                ],
                "gke": [],
                "http_endpoint": [],
                "network_config": [],
                "workflow": ""
              }
            ],
            "effective_labels": {},
            "etag": "",
            "event_data_content_type": "",
            "id": "projects/zsynergy/locations/us-east4/triggers/storage-finalize-classifier-trigger",
            "labels": {},
            "location": "us-east4",
            "matching_criteria": [
              {
                "attribute": "type",
                "operator": "",
                "value": "google.cloud.pubsub.topic.v1.messagePublished"
              }
            ],
            "name": "storage-finalize-classifier-trigger",
            "project": "zsynergy",
            "service_account": "zsds-sa-classifier@zsynergy.iam.gserviceaccount.com",
            "terraform_labels": {},
            "timeouts": null,
            "transport": [
              {
                "pubsub": [
                  {
                    "subscription": "projects/zsynergy/subscriptions/eventarc-us-east4-storage-finalize-classifier-trigger-sub-923",
                    "topic": "projects/zsynergy/topics/storage-finalize-events"
                  }
                ]
              }
            ],
            "uid": "b3cb1bfb-94e2-4608-a40a-cd23b007ce26",
            "update_time": "2026-04-14T20:07:32.284176108Z"
          },
          "sensitive_attributes": [],
          "identity_schema_version": 0,
          "private": "eyJlMmJmYjczMC1lY2FhLTExZTYtOGY4OC0zNDM2M2JjN2M0YzAiOnsiY3JlYXRlIjoxMjAwMDAwMDAwMDAwLCJkZWxldGUiOjEyMDAwMDAwMDAwMDAsInVwZGF0ZSI6MTIwMDAwMDAwMDAwMH19",
          "dependencies": [
            "google_cloud_run_v2_service.classifier",
            "google_pubsub_topic.topics",
            "google_secret_manager_secret.secrets",
            "google_service_account.classifier"
          ]
        }
      ]
    },
    {
      "mode": "managed",
      "type": "google_eventarc_trigger",
      "name": "storage_springboot",
      "provider": "provider[\"registry.terraform.io/hashicorp/google\"]",
      "instances": [
        {
          "index_key": 0,
          "schema_version": 0,
          "attributes": {
            "channel": "",
            "conditions": {},
            "create_time": "2026-04-14T20:38:06.299308954Z",
            "destination": [
              {
                "cloud_function": "",
                "cloud_run_service": [
                  {
                    "path": "/api/storage/finalize",
                    "region": "us-east4",
                    "service": "aeromontek-api"
                  }
                ],
                "gke": [],
                "http_endpoint": [],
                "network_config": [],
                "workflow": ""
              }
            ],
            "effective_labels": {},
            "etag": "",
            "event_data_content_type": "",
            "id": "projects/zsynergy/locations/us-east4/triggers/storage-finalize-springboot-trigger",
            "labels": {},
            "location": "us-east4",
            "matching_criteria": [
              {
                "attribute": "type",
                "operator": "",
                "value": "google.cloud.pubsub.topic.v1.messagePublished"
              }
            ],
            "name": "storage-finalize-springboot-trigger",
            "project": "zsynergy",
            "service_account": "zsds-sa-springboot@zsynergy.iam.gserviceaccount.com",
            "terraform_labels": {},
            "timeouts": null,
            "transport": [
              {
                "pubsub": [
                  {
                    "subscription": "projects/zsynergy/subscriptions/eventarc-us-east4-storage-finalize-springboot-trigger-sub-358",
                    "topic": "projects/zsynergy/topics/storage-finalize-events"
                  }
                ]
              }
            ],
            "uid": "15bb5e19-3697-45d0-ac66-c3682147e9ed",
            "update_time": "2026-04-14T20:38:11.805462265Z"
          },
          "sensitive_attributes": [],
          "identity_schema_version": 0,
          "private": "eyJlMmJmYjczMC1lY2FhLTExZTYtOGY4OC0zNDM2M2JjN2M0YzAiOnsiY3JlYXRlIjoxMjAwMDAwMDAwMDAwLCJkZWxldGUiOjEyMDAwMDAwMDAwMDAsInVwZGF0ZSI6MTIwMDAwMDAwMDAwMH19",
          "dependencies": [
            "google_cloud_run_v2_service.classifier",
            "google_cloud_run_v2_service.springboot",
            "google_pubsub_topic.topics",
            "google_secret_manager_secret.secrets",
            "google_service_account.classifier",
            "google_service_account.springboot"
          ]
        }
      ]
    },
    {
      "mode": "managed",
      "type": "google_project_iam_member",
      "name": "classifier_cloudsql_admin",
      "provider": "provider[\"registry.terraform.io/hashicorp/google\"]",
      "instances": [
        {
          "index_key": 0,
          "schema_version": 0,
          "attributes": {
            "condition": [],
            "etag": "BwZPnzmIusw=",
            "id": "zsynergy/roles/cloudsql.admin/serviceAccount:zsds-sa-classifier@zsynergy.iam.gserviceaccount.com",
            "member": "serviceAccount:zsds-sa-classifier@zsynergy.iam.gserviceaccount.com",
            "project": "zsynergy",
            "role": "roles/cloudsql.admin"
          },
          "sensitive_attributes": [],
          "identity_schema_version": 0,
          "private": "bnVsbA==",
          "dependencies": [
            "google_service_account.classifier"
          ]
        }
      ]
    },
    {
      "mode": "managed",
      "type": "google_project_iam_member",
      "name": "classifier_cloudsql_client",
      "provider": "provider[\"registry.terraform.io/hashicorp/google\"]",
      "instances": [
        {
          "index_key": 0,
          "schema_version": 0,
          "attributes": {
            "condition": [],
            "etag": "BwZPnzmIusw=",
            "id": "zsynergy/roles/cloudsql.client/serviceAccount:zsds-sa-classifier@zsynergy.iam.gserviceaccount.com",
            "member": "serviceAccount:zsds-sa-classifier@zsynergy.iam.gserviceaccount.com",
            "project": "zsynergy",
            "role": "roles/cloudsql.client"
          },
          "sensitive_attributes": [],
          "identity_schema_version": 0,
          "private": "bnVsbA==",
          "dependencies": [
            "google_service_account.classifier"
          ]
        }
      ]
    },
    {
      "mode": "managed",
      "type": "google_project_iam_member",
      "name": "classifier_firestore",
      "provider": "provider[\"registry.terraform.io/hashicorp/google\"]",
      "instances": [
        {
          "index_key": 0,
          "schema_version": 0,
          "attributes": {
            "condition": [],
            "etag": "BwZPnzmIusw=",
            "id": "zsynergy/roles/datastore.user/serviceAccount:zsds-sa-classifier@zsynergy.iam.gserviceaccount.com",
            "member": "serviceAccount:zsds-sa-classifier@zsynergy.iam.gserviceaccount.com",
            "project": "zsynergy",
            "role": "roles/datastore.user"
          },
          "sensitive_attributes": [],
          "identity_schema_version": 0,
          "private": "bnVsbA==",
          "dependencies": [
            "google_service_account.classifier"
          ]
        }
      ]
    },
    {
      "mode": "managed",
      "type": "google_project_iam_member",
      "name": "classifier_logging",
      "provider": "provider[\"registry.terraform.io/hashicorp/google\"]",
      "instances": [
        {
          "index_key": 0,
          "schema_version": 0,
          "attributes": {
            "condition": [],
            "etag": "BwZPnzmIusw=",
            "id": "zsynergy/roles/logging.logWriter/serviceAccount:zsds-sa-classifier@zsynergy.iam.gserviceaccount.com",
            "member": "serviceAccount:zsds-sa-classifier@zsynergy.iam.gserviceaccount.com",
            "project": "zsynergy",
            "role": "roles/logging.logWriter"
          },
          "sensitive_attributes": [],
          "identity_schema_version": 0,
          "private": "bnVsbA==",
          "dependencies": [
            "google_service_account.classifier"
          ]
        }
      ]
    },
    {
      "mode": "managed",
      "type": "google_project_iam_member",
      "name": "classifier_pubsub_admin",
      "provider": "provider[\"registry.terraform.io/hashicorp/google\"]",
      "instances": [
        {
          "index_key": 0,
          "schema_version": 0,
          "attributes": {
            "condition": [],
            "etag": "BwZPnzmIusw=",
            "id": "zsynergy/roles/pubsub.admin/serviceAccount:zsds-sa-classifier@zsynergy.iam.gserviceaccount.com",
            "member": "serviceAccount:zsds-sa-classifier@zsynergy.iam.gserviceaccount.com",
            "project": "zsynergy",
            "role": "roles/pubsub.admin"
          },
          "sensitive_attributes": [],
          "identity_schema_version": 0,
          "private": "bnVsbA==",
          "dependencies": [
            "google_service_account.classifier"
          ]
        }
      ]
    },
    {
      "mode": "managed",
      "type": "google_project_iam_member",
      "name": "classifier_pubsub_sub",
      "provider": "provider[\"registry.terraform.io/hashicorp/google\"]",
      "instances": [
        {
          "index_key": 0,
          "schema_version": 0,
          "attributes": {
            "condition": [],
            "etag": "BwZPnzmIusw=",
            "id": "zsynergy/roles/pubsub.subscriber/serviceAccount:zsds-sa-classifier@zsynergy.iam.gserviceaccount.com",
            "member": "serviceAccount:zsds-sa-classifier@zsynergy.iam.gserviceaccount.com",
            "project": "zsynergy",
            "role": "roles/pubsub.subscriber"
          },
          "sensitive_attributes": [],
          "identity_schema_version": 0,
          "private": "bnVsbA==",
          "dependencies": [
            "google_service_account.classifier"
          ]
        }
      ]
    },
    {
      "mode": "managed",
      "type": "google_project_iam_member",
      "name": "classifier_pubsub_viewer",
      "provider": "provider[\"registry.terraform.io/hashicorp/google\"]",
      "instances": [
        {
          "index_key": 0,
          "schema_version": 0,
          "attributes": {
            "condition": [],
            "etag": "BwZPnzmIusw=",
            "id": "zsynergy/roles/pubsub.viewer/serviceAccount:zsds-sa-classifier@zsynergy.iam.gserviceaccount.com",
            "member": "serviceAccount:zsds-sa-classifier@zsynergy.iam.gserviceaccount.com",
            "project": "zsynergy",
            "role": "roles/pubsub.viewer"
          },
          "sensitive_attributes": [],
          "identity_schema_version": 0,
          "private": "bnVsbA==",
          "dependencies": [
            "google_service_account.classifier"
          ]
        }
      ]
    },
    {
      "mode": "managed",
      "type": "google_project_iam_member",
      "name": "classifier_storage",
      "provider": "provider[\"registry.terraform.io/hashicorp/google\"]",
      "instances": [
        {
          "index_key": 0,
          "schema_version": 0,
          "attributes": {
            "condition": [],
            "etag": "BwZPnzmIusw=",
            "id": "zsynergy/roles/storage.objectAdmin/serviceAccount:zsds-sa-classifier@zsynergy.iam.gserviceaccount.com",
            "member": "serviceAccount:zsds-sa-classifier@zsynergy.iam.gserviceaccount.com",
            "project": "zsynergy",
            "role": "roles/storage.objectAdmin"
          },
          "sensitive_attributes": [],
          "identity_schema_version": 0,
          "private": "bnVsbA==",
          "dependencies": [
            "google_service_account.classifier"
          ]
        }
      ]
    },
    {
      "mode": "managed",
      "type": "google_project_iam_member",
      "name": "frontend_run_invoker",
      "provider": "provider[\"registry.terraform.io/hashicorp/google\"]",
      "instances": [
        {
          "index_key": 0,
          "schema_version": 0,
          "attributes": {
            "condition": [],
            "etag": "BwZPnzmIusw=",
            "id": "zsynergy/roles/run.invoker/serviceAccount:zsds-sa-frontend@zsynergy.iam.gserviceaccount.com",
            "member": "serviceAccount:zsds-sa-frontend@zsynergy.iam.gserviceaccount.com",
            "project": "zsynergy",
            "role": "roles/run.invoker"
          },
          "sensitive_attributes": [],
          "identity_schema_version": 0,
          "private": "bnVsbA==",
          "dependencies": [
            "google_service_account.frontend"
          ]
        }
      ]
    },
    {
      "mode": "managed",
      "type": "google_project_iam_member",
      "name": "functions_pubsub_admin",
      "provider": "provider[\"registry.terraform.io/hashicorp/google\"]",
      "instances": [
        {
          "schema_version": 0,
          "attributes": {
            "condition": [],
            "etag": "BwZPnzmIusw=",
            "id": "zsynergy/roles/pubsub.admin/serviceAccount:169534479989-compute@developer.gserviceaccount.com",
            "member": "serviceAccount:169534479989-compute@developer.gserviceaccount.com",
            "project": "zsynergy",
            "role": "roles/pubsub.admin"
          },
          "sensitive_attributes": [],
          "identity_schema_version": 0,
          "private": "bnVsbA=="
        }
      ]
    },
    {
      "mode": "managed",
      "type": "google_project_iam_member",
      "name": "functions_pubsub_publisher",
      "provider": "provider[\"registry.terraform.io/hashicorp/google\"]",
      "instances": [
        {
          "schema_version": 0,
          "attributes": {
            "condition": [],
            "etag": "BwZPnzmIusw=",
            "id": "zsynergy/roles/pubsub.publisher/serviceAccount:169534479989-compute@developer.gserviceaccount.com",
            "member": "serviceAccount:169534479989-compute@developer.gserviceaccount.com",
            "project": "zsynergy",
            "role": "roles/pubsub.publisher"
          },
          "sensitive_attributes": [],
          "identity_schema_version": 0,
          "private": "bnVsbA=="
        }
      ]
    },
    {
      "mode": "managed",
      "type": "google_project_iam_member",
      "name": "functions_pubsub_subscriber",
      "provider": "provider[\"registry.terraform.io/hashicorp/google\"]",
      "instances": [
        {
          "schema_version": 0,
          "attributes": {
            "condition": [],
            "etag": "BwZPnzmIusw=",
            "id": "zsynergy/roles/pubsub.subscriber/serviceAccount:169534479989-compute@developer.gserviceaccount.com",
            "member": "serviceAccount:169534479989-compute@developer.gserviceaccount.com",
            "project": "zsynergy",
            "role": "roles/pubsub.subscriber"
          },
          "sensitive_attributes": [],
          "identity_schema_version": 0,
          "private": "bnVsbA=="
        }
      ]
    },
    {
      "mode": "managed",
      "type": "google_project_iam_member",
      "name": "springboot_cloudsql",
      "provider": "provider[\"registry.terraform.io/hashicorp/google\"]",
      "instances": [
        {
          "index_key": 0,
          "schema_version": 0,
          "attributes": {
            "condition": [],
            "etag": "BwZPnzmIusw=",
            "id": "zsynergy/roles/cloudsql.client/serviceAccount:zsds-sa-springboot@zsynergy.iam.gserviceaccount.com",
            "member": "serviceAccount:zsds-sa-springboot@zsynergy.iam.gserviceaccount.com",
            "project": "zsynergy",
            "role": "roles/cloudsql.client"
          },
          "sensitive_attributes": [],
          "identity_schema_version": 0,
          "private": "bnVsbA==",
          "dependencies": [
            "google_service_account.springboot"
          ]
        }
      ]
    },
    {
      "mode": "managed",
      "type": "google_project_iam_member",
      "name": "springboot_cloudsql_admin",
      "provider": "provider[\"registry.terraform.io/hashicorp/google\"]",
      "instances": [
        {
          "index_key": 0,
          "schema_version": 0,
          "attributes": {
            "condition": [],
            "etag": "BwZPnzmIusw=",
            "id": "zsynergy/roles/cloudsql.admin/serviceAccount:zsds-sa-springboot@zsynergy.iam.gserviceaccount.com",
            "member": "serviceAccount:zsds-sa-springboot@zsynergy.iam.gserviceaccount.com",
            "project": "zsynergy",
            "role": "roles/cloudsql.admin"
          },
          "sensitive_attributes": [],
          "identity_schema_version": 0,
          "private": "bnVsbA==",
          "dependencies": [
            "google_service_account.springboot"
          ]
        }
      ]
    },
    {
      "mode": "managed",
      "type": "google_project_iam_member",
      "name": "springboot_firestore",
      "provider": "provider[\"registry.terraform.io/hashicorp/google\"]",
      "instances": [
        {
          "index_key": 0,
          "schema_version": 0,
          "attributes": {
            "condition": [],
            "etag": "BwZPnzmIusw=",
            "id": "zsynergy/roles/datastore.user/serviceAccount:zsds-sa-springboot@zsynergy.iam.gserviceaccount.com",
            "member": "serviceAccount:zsds-sa-springboot@zsynergy.iam.gserviceaccount.com",
            "project": "zsynergy",
            "role": "roles/datastore.user"
          },
          "sensitive_attributes": [],
          "identity_schema_version": 0,
          "private": "bnVsbA==",
          "dependencies": [
            "google_service_account.springboot"
          ]
        }
      ]
    },
    {
      "mode": "managed",
      "type": "google_project_iam_member",
      "name": "springboot_pubsub_admin",
      "provider": "provider[\"registry.terraform.io/hashicorp/google\"]",
      "instances": [
        {
          "index_key": 0,
          "schema_version": 0,
          "attributes": {
            "condition": [],
            "etag": "BwZPnzmIusw=",
            "id": "zsynergy/roles/pubsub.admin/serviceAccount:zsds-sa-springboot@zsynergy.iam.gserviceaccount.com",
            "member": "serviceAccount:zsds-sa-springboot@zsynergy.iam.gserviceaccount.com",
            "project": "zsynergy",
            "role": "roles/pubsub.admin"
          },
          "sensitive_attributes": [],
          "identity_schema_version": 0,
          "private": "bnVsbA==",
          "dependencies": [
            "google_service_account.springboot"
          ]
        }
      ]
    },
    {
      "mode": "managed",
      "type": "google_project_iam_member",
      "name": "springboot_pubsub_pub",
      "provider": "provider[\"registry.terraform.io/hashicorp/google\"]",
      "instances": [
        {
          "index_key": 0,
          "schema_version": 0,
          "attributes": {
            "condition": [],
            "etag": "BwZPnzmIusw=",
            "id": "zsynergy/roles/pubsub.publisher/serviceAccount:zsds-sa-springboot@zsynergy.iam.gserviceaccount.com",
            "member": "serviceAccount:zsds-sa-springboot@zsynergy.iam.gserviceaccount.com",
            "project": "zsynergy",
            "role": "roles/pubsub.publisher"
          },
          "sensitive_attributes": [],
          "identity_schema_version": 0,
          "private": "bnVsbA==",
          "dependencies": [
            "google_service_account.springboot"
          ]
        }
      ]
    },
    {
      "mode": "managed",
      "type": "google_project_iam_member",
      "name": "springboot_pubsub_sub",
      "provider": "provider[\"registry.terraform.io/hashicorp/google\"]",
      "instances": [
        {
          "index_key": 0,
          "schema_version": 0,
          "attributes": {
            "condition": [],
            "etag": "BwZPnzmIusw=",
            "id": "zsynergy/roles/pubsub.subscriber/serviceAccount:zsds-sa-springboot@zsynergy.iam.gserviceaccount.com",
            "member": "serviceAccount:zsds-sa-springboot@zsynergy.iam.gserviceaccount.com",
            "project": "zsynergy",
            "role": "roles/pubsub.subscriber"
          },
          "sensitive_attributes": [],
          "identity_schema_version": 0,
          "private": "bnVsbA==",
          "dependencies": [
            "google_service_account.springboot"
          ]
        }
      ]
    },
    {
      "mode": "managed",
      "type": "google_project_iam_member",
      "name": "springboot_storage",
      "provider": "provider[\"registry.terraform.io/hashicorp/google\"]",
      "instances": [
        {
          "index_key": 0,
          "schema_version": 0,
          "attributes": {
            "condition": [],
            "etag": "BwZPnzmIusw=",
            "id": "zsynergy/roles/storage.objectAdmin/serviceAccount:zsds-sa-springboot@zsynergy.iam.gserviceaccount.com",
            "member": "serviceAccount:zsds-sa-springboot@zsynergy.iam.gserviceaccount.com",
            "project": "zsynergy",
            "role": "roles/storage.objectAdmin"
          },
          "sensitive_attributes": [],
          "identity_schema_version": 0,
          "private": "bnVsbA==",
          "dependencies": [
            "google_service_account.springboot"
          ]
        }
      ]
    },
    {
      "mode": "managed",
      "type": "google_project_service",
      "name": "required_apis",
      "provider": "provider[\"registry.terraform.io/hashicorp/google\"]",
      "instances": [
        {
          "index_key": "artifactregistry.googleapis.com",
          "schema_version": 0,
          "attributes": {
            "disable_dependent_services": null,
            "disable_on_destroy": false,
            "id": "zsynergy/artifactregistry.googleapis.com",
            "project": "zsynergy",
            "service": "artifactregistry.googleapis.com",
            "timeouts": null
          },
          "sensitive_attributes": [],
          "identity_schema_version": 0,
          "private": "eyJlMmJmYjczMC1lY2FhLTExZTYtOGY4OC0zNDM2M2JjN2M0YzAiOnsiY3JlYXRlIjoxMjAwMDAwMDAwMDAwLCJkZWxldGUiOjEyMDAwMDAwMDAwMDAsInJlYWQiOjYwMDAwMDAwMDAwMCwidXBkYXRlIjoxMjAwMDAwMDAwMDAwfX0="
        },
        {
          "index_key": "cloudbuild.googleapis.com",
          "schema_version": 0,
          "attributes": {
            "disable_dependent_services": null,
            "disable_on_destroy": false,
            "id": "zsynergy/cloudbuild.googleapis.com",
            "project": "zsynergy",
            "service": "cloudbuild.googleapis.com",
            "timeouts": null
          },
          "sensitive_attributes": [],
          "identity_schema_version": 0,
          "private": "eyJlMmJmYjczMC1lY2FhLTExZTYtOGY4OC0zNDM2M2JjN2M0YzAiOnsiY3JlYXRlIjoxMjAwMDAwMDAwMDAwLCJkZWxldGUiOjEyMDAwMDAwMDAwMDAsInJlYWQiOjYwMDAwMDAwMDAwMCwidXBkYXRlIjoxMjAwMDAwMDAwMDAwfX0="
        },
        {
          "index_key": "cloudkms.googleapis.com",
          "schema_version": 0,
          "attributes": {
            "disable_dependent_services": null,
            "disable_on_destroy": false,
            "id": "zsynergy/cloudkms.googleapis.com",
            "project": "zsynergy",
            "service": "cloudkms.googleapis.com",
            "timeouts": null
          },
          "sensitive_attributes": [],
          "identity_schema_version": 0,
          "private": "eyJlMmJmYjczMC1lY2FhLTExZTYtOGY4OC0zNDM2M2JjN2M0YzAiOnsiY3JlYXRlIjoxMjAwMDAwMDAwMDAwLCJkZWxldGUiOjEyMDAwMDAwMDAwMDAsInJlYWQiOjYwMDAwMDAwMDAwMCwidXBkYXRlIjoxMjAwMDAwMDAwMDAwfX0="
        },
        {
          "index_key": "cloudresourcemanager.googleapis.com",
          "schema_version": 0,
          "attributes": {
            "disable_dependent_services": null,
            "disable_on_destroy": false,
            "id": "zsynergy/cloudresourcemanager.googleapis.com",
            "project": "zsynergy",
            "service": "cloudresourcemanager.googleapis.com",
            "timeouts": null
          },
          "sensitive_attributes": [],
          "identity_schema_version": 0,
          "private": "eyJlMmJmYjczMC1lY2FhLTExZTYtOGY4OC0zNDM2M2JjN2M0YzAiOnsiY3JlYXRlIjoxMjAwMDAwMDAwMDAwLCJkZWxldGUiOjEyMDAwMDAwMDAwMDAsInJlYWQiOjYwMDAwMDAwMDAwMCwidXBkYXRlIjoxMjAwMDAwMDAwMDAwfX0="
        },
        {
          "index_key": "cloudtrace.googleapis.com",
          "schema_version": 0,
          "attributes": {
            "disable_dependent_services": null,
            "disable_on_destroy": false,
            "id": "zsynergy/cloudtrace.googleapis.com",
            "project": "zsynergy",
            "service": "cloudtrace.googleapis.com",
            "timeouts": null
          },
          "sensitive_attributes": [],
          "identity_schema_version": 0,
          "private": "eyJlMmJmYjczMC1lY2FhLTExZTYtOGY4OC0zNDM2M2JjN2M0YzAiOnsiY3JlYXRlIjoxMjAwMDAwMDAwMDAwLCJkZWxldGUiOjEyMDAwMDAwMDAwMDAsInJlYWQiOjYwMDAwMDAwMDAwMCwidXBkYXRlIjoxMjAwMDAwMDAwMDAwfX0="
        },
        {
          "index_key": "eventarc.googleapis.com",
          "schema_version": 0,
          "attributes": {
            "disable_dependent_services": null,
            "disable_on_destroy": false,
            "id": "zsynergy/eventarc.googleapis.com",
            "project": "zsynergy",
            "service": "eventarc.googleapis.com",
            "timeouts": null
          },
          "sensitive_attributes": [],
          "identity_schema_version": 0,
          "private": "eyJlMmJmYjczMC1lY2FhLTExZTYtOGY4OC0zNDM2M2JjN2M0YzAiOnsiY3JlYXRlIjoxMjAwMDAwMDAwMDAwLCJkZWxldGUiOjEyMDAwMDAwMDAwMDAsInJlYWQiOjYwMDAwMDAwMDAwMCwidXBkYXRlIjoxMjAwMDAwMDAwMDAwfX0="
        },
        {
          "index_key": "iam.googleapis.com",
          "schema_version": 0,
          "attributes": {
            "disable_dependent_services": null,
            "disable_on_destroy": false,
            "id": "zsynergy/iam.googleapis.com",
            "project": "zsynergy",
            "service": "iam.googleapis.com",
            "timeouts": null
          },
          "sensitive_attributes": [],
          "identity_schema_version": 0,
          "private": "eyJlMmJmYjczMC1lY2FhLTExZTYtOGY4OC0zNDM2M2JjN2M0YzAiOnsiY3JlYXRlIjoxMjAwMDAwMDAwMDAwLCJkZWxldGUiOjEyMDAwMDAwMDAwMDAsInJlYWQiOjYwMDAwMDAwMDAwMCwidXBkYXRlIjoxMjAwMDAwMDAwMDAwfX0="
        },
        {
          "index_key": "logging.googleapis.com",
          "schema_version": 0,
          "attributes": {
            "disable_dependent_services": null,
            "disable_on_destroy": false,
            "id": "zsynergy/logging.googleapis.com",
            "project": "zsynergy",
            "service": "logging.googleapis.com",
            "timeouts": null
          },
          "sensitive_attributes": [],
          "identity_schema_version": 0,
          "private": "eyJlMmJmYjczMC1lY2FhLTExZTYtOGY4OC0zNDM2M2JjN2M0YzAiOnsiY3JlYXRlIjoxMjAwMDAwMDAwMDAwLCJkZWxldGUiOjEyMDAwMDAwMDAwMDAsInJlYWQiOjYwMDAwMDAwMDAwMCwidXBkYXRlIjoxMjAwMDAwMDAwMDAwfX0="
        },
        {
          "index_key": "monitoring.googleapis.com",
          "schema_version": 0,
          "attributes": {
            "disable_dependent_services": null,
            "disable_on_destroy": false,
            "id": "zsynergy/monitoring.googleapis.com",
            "project": "zsynergy",
            "service": "monitoring.googleapis.com",
            "timeouts": null
          },
          "sensitive_attributes": [],
          "identity_schema_version": 0,
          "private": "eyJlMmJmYjczMC1lY2FhLTExZTYtOGY4OC0zNDM2M2JjN2M0YzAiOnsiY3JlYXRlIjoxMjAwMDAwMDAwMDAwLCJkZWxldGUiOjEyMDAwMDAwMDAwMDAsInJlYWQiOjYwMDAwMDAwMDAwMCwidXBkYXRlIjoxMjAwMDAwMDAwMDAwfX0="
        },
        {
          "index_key": "pubsub.googleapis.com",
          "schema_version": 0,
          "attributes": {
            "disable_dependent_services": null,
            "disable_on_destroy": false,
            "id": "zsynergy/pubsub.googleapis.com",
            "project": "zsynergy",
            "service": "pubsub.googleapis.com",
            "timeouts": null
          },
          "sensitive_attributes": [],
          "identity_schema_version": 0,
          "private": "eyJlMmJmYjczMC1lY2FhLTExZTYtOGY4OC0zNDM2M2JjN2M0YzAiOnsiY3JlYXRlIjoxMjAwMDAwMDAwMDAwLCJkZWxldGUiOjEyMDAwMDAwMDAwMDAsInJlYWQiOjYwMDAwMDAwMDAwMCwidXBkYXRlIjoxMjAwMDAwMDAwMDAwfX0="
        },
        {
          "index_key": "run.googleapis.com",
          "schema_version": 0,
          "attributes": {
            "disable_dependent_services": null,
            "disable_on_destroy": false,
            "id": "zsynergy/run.googleapis.com",
            "project": "zsynergy",
            "service": "run.googleapis.com",
            "timeouts": null
          },
          "sensitive_attributes": [],
          "identity_schema_version": 0,
          "private": "eyJlMmJmYjczMC1lY2FhLTExZTYtOGY4OC0zNDM2M2JjN2M0YzAiOnsiY3JlYXRlIjoxMjAwMDAwMDAwMDAwLCJkZWxldGUiOjEyMDAwMDAwMDAwMDAsInJlYWQiOjYwMDAwMDAwMDAwMCwidXBkYXRlIjoxMjAwMDAwMDAwMDAwfX0="
        },
        {
          "index_key": "secretmanager.googleapis.com",
          "schema_version": 0,
          "attributes": {
            "disable_dependent_services": null,
            "disable_on_destroy": false,
            "id": "zsynergy/secretmanager.googleapis.com",
            "project": "zsynergy",
            "service": "secretmanager.googleapis.com",
            "timeouts": null
          },
          "sensitive_attributes": [],
          "identity_schema_version": 0,
          "private": "eyJlMmJmYjczMC1lY2FhLTExZTYtOGY4OC0zNDM2M2JjN2M0YzAiOnsiY3JlYXRlIjoxMjAwMDAwMDAwMDAwLCJkZWxldGUiOjEyMDAwMDAwMDAwMDAsInJlYWQiOjYwMDAwMDAwMDAwMCwidXBkYXRlIjoxMjAwMDAwMDAwMDAwfX0="
        },
        {
          "index_key": "servicenetworking.googleapis.com",
          "schema_version": 0,
          "attributes": {
            "disable_dependent_services": null,
            "disable_on_destroy": false,
            "id": "zsynergy/servicenetworking.googleapis.com",
            "project": "zsynergy",
            "service": "servicenetworking.googleapis.com",
            "timeouts": null
          },
          "sensitive_attributes": [],
          "identity_schema_version": 0,
          "private": "eyJlMmJmYjczMC1lY2FhLTExZTYtOGY4OC0zNDM2M2JjN2M0YzAiOnsiY3JlYXRlIjoxMjAwMDAwMDAwMDAwLCJkZWxldGUiOjEyMDAwMDAwMDAwMDAsInJlYWQiOjYwMDAwMDAwMDAwMCwidXBkYXRlIjoxMjAwMDAwMDAwMDAwfX0="
        },
        {
          "index_key": "sqladmin.googleapis.com",
          "schema_version": 0,
          "attributes": {
            "disable_dependent_services": null,
            "disable_on_destroy": false,
            "id": "zsynergy/sqladmin.googleapis.com",
            "project": "zsynergy",
            "service": "sqladmin.googleapis.com",
            "timeouts": null
          },
          "sensitive_attributes": [],
          "identity_schema_version": 0,
          "private": "eyJlMmJmYjczMC1lY2FhLTExZTYtOGY4OC0zNDM2M2JjN2M0YzAiOnsiY3JlYXRlIjoxMjAwMDAwMDAwMDAwLCJkZWxldGUiOjEyMDAwMDAwMDAwMDAsInJlYWQiOjYwMDAwMDAwMDAwMCwidXBkYXRlIjoxMjAwMDAwMDAwMDAwfX0="
        },
        {
          "index_key": "storage.googleapis.com",
          "schema_version": 0,
          "attributes": {
            "disable_dependent_services": null,
            "disable_on_destroy": false,
            "id": "zsynergy/storage.googleapis.com",
            "project": "zsynergy",
            "service": "storage.googleapis.com",
            "timeouts": null
          },
          "sensitive_attributes": [],
          "identity_schema_version": 0,
          "private": "eyJlMmJmYjczMC1lY2FhLTExZTYtOGY4OC0zNDM2M2JjN2M0YzAiOnsiY3JlYXRlIjoxMjAwMDAwMDAwMDAwLCJkZWxldGUiOjEyMDAwMDAwMDAwMDAsInJlYWQiOjYwMDAwMDAwMDAwMCwidXBkYXRlIjoxMjAwMDAwMDAwMDAwfX0="
        }
      ]
    },
    {
      "mode": "managed",
      "type": "google_pubsub_subscription",
      "name": "classifier_request_sub",
      "provider": "provider[\"registry.terraform.io/hashicorp/google\"]",
      "instances": [
        {
          "index_key": 0,
          "schema_version": 0,
          "attributes": {
            "ack_deadline_seconds": 300,
            "bigquery_config": [],
            "cloud_storage_config": [],
            "dead_letter_policy": [],
            "effective_labels": {},
            "enable_exactly_once_delivery": false,
            "enable_message_ordering": false,
            "expiration_policy": [
              {
                "ttl": "2678400s"
              }
            ],
            "filter": "",
            "id": "projects/zsynergy/subscriptions/document-classification-request-python-sub",
            "labels": {},
            "message_retention_duration": "604800s",
            "name": "document-classification-request-python-sub",
            "project": "zsynergy",
            "push_config": [],
            "retain_acked_messages": false,
            "retry_policy": [],
            "terraform_labels": {},
            "timeouts": null,
            "topic": "projects/zsynergy/topics/document-classification-request"
          },
          "sensitive_attributes": [],
          "identity_schema_version": 0,
          "private": "eyJlMmJmYjczMC1lY2FhLTExZTYtOGY4OC0zNDM2M2JjN2M0YzAiOnsiY3JlYXRlIjoxMjAwMDAwMDAwMDAwLCJkZWxldGUiOjEyMDAwMDAwMDAwMDAsInVwZGF0ZSI6MTIwMDAwMDAwMDAwMH19",
          "dependencies": [
            "google_pubsub_topic.topics"
          ]
        }
      ]
    },
    {
      "mode": "managed",
      "type": "google_pubsub_subscription",
      "name": "progress_firebase_sub",
      "provider": "provider[\"registry.terraform.io/hashicorp/google\"]",
      "instances": [
        {
          "index_key": 0,
          "schema_version": 0,
          "attributes": {
            "ack_deadline_seconds": 60,
            "bigquery_config": [],
            "cloud_storage_config": [],
            "dead_letter_policy": [],
            "effective_labels": {},
            "enable_exactly_once_delivery": false,
            "enable_message_ordering": false,
            "expiration_policy": [
              {
                "ttl": "2678400s"
              }
            ],
            "filter": "",
            "id": "projects/zsynergy/subscriptions/document-classification-progress-firebase-sub",
            "labels": {},
            "message_retention_duration": "86400s",
            "name": "document-classification-progress-firebase-sub",
            "project": "zsynergy",
            "push_config": [],
            "retain_acked_messages": false,
            "retry_policy": [],
            "terraform_labels": {},
            "timeouts": null,
            "topic": "projects/zsynergy/topics/document-classification-progress"
          },
          "sensitive_attributes": [],
          "identity_schema_version": 0,
          "private": "eyJlMmJmYjczMC1lY2FhLTExZTYtOGY4OC0zNDM2M2JjN2M0YzAiOnsiY3JlYXRlIjoxMjAwMDAwMDAwMDAwLCJkZWxldGUiOjEyMDAwMDAwMDAwMDAsInVwZGF0ZSI6MTIwMDAwMDAwMDAwMH0sInNjaGVtYV92ZXJzaW9uIjoiMCJ9",
          "dependencies": [
            "google_pubsub_topic.topics"
          ]
        }
      ]
    },
    {
      "mode": "managed",
      "type": "google_pubsub_subscription",
      "name": "result_springboot_sub",
      "provider": "provider[\"registry.terraform.io/hashicorp/google\"]",
      "instances": [
        {
          "index_key": 0,
          "schema_version": 0,
          "attributes": {
            "ack_deadline_seconds": 300,
            "bigquery_config": [],
            "cloud_storage_config": [],
            "dead_letter_policy": [],
            "effective_labels": {},
            "enable_exactly_once_delivery": false,
            "enable_message_ordering": false,
            "expiration_policy": [
              {
                "ttl": "2678400s"
              }
            ],
            "filter": "",
            "id": "projects/zsynergy/subscriptions/document-classification-result-springboot-sub",
            "labels": {},
            "message_retention_duration": "604800s",
            "name": "document-classification-result-springboot-sub",
            "project": "zsynergy",
            "push_config": [],
            "retain_acked_messages": false,
            "retry_policy": [],
            "terraform_labels": {},
            "timeouts": null,
            "topic": "projects/zsynergy/topics/document-classification-result"
          },
          "sensitive_attributes": [],
          "identity_schema_version": 0,
          "private": "eyJlMmJmYjczMC1lY2FhLTExZTYtOGY4OC0zNDM2M2JjN2M0YzAiOnsiY3JlYXRlIjoxMjAwMDAwMDAwMDAwLCJkZWxldGUiOjEyMDAwMDAwMDAwMDAsInVwZGF0ZSI6MTIwMDAwMDAwMDAwMH0sInNjaGVtYV92ZXJzaW9uIjoiMCJ9",
          "dependencies": [
            "google_pubsub_topic.topics"
          ]
        }
      ]
    },
    {
      "mode": "managed",
      "type": "google_pubsub_topic",
      "name": "topics",
      "provider": "provider[\"registry.terraform.io/hashicorp/google\"]",
      "instances": [
        {
          "index_key": "document-classification-progress",
          "schema_version": 0,
          "attributes": {
            "effective_labels": {},
            "id": "projects/zsynergy/topics/document-classification-progress",
            "ingestion_data_source_settings": [],
            "kms_key_name": "",
            "labels": {},
            "message_retention_duration": "604800s",
            "message_storage_policy": [],
            "name": "document-classification-progress",
            "project": "zsynergy",
            "schema_settings": [],
            "terraform_labels": {},
            "timeouts": null
          },
          "sensitive_attributes": [],
          "identity_schema_version": 0,
          "private": "eyJlMmJmYjczMC1lY2FhLTExZTYtOGY4OC0zNDM2M2JjN2M0YzAiOnsiY3JlYXRlIjoxMjAwMDAwMDAwMDAwLCJkZWxldGUiOjEyMDAwMDAwMDAwMDAsInVwZGF0ZSI6MTIwMDAwMDAwMDAwMH19"
        },
        {
          "index_key": "document-classification-request",
          "schema_version": 0,
          "attributes": {
            "effective_labels": {},
            "id": "projects/zsynergy/topics/document-classification-request",
            "ingestion_data_source_settings": [],
            "kms_key_name": "",
            "labels": {},
            "message_retention_duration": "604800s",
            "message_storage_policy": [],
            "name": "document-classification-request",
            "project": "zsynergy",
            "schema_settings": [],
            "terraform_labels": {},
            "timeouts": null
          },
          "sensitive_attributes": [],
          "identity_schema_version": 0,
          "private": "eyJlMmJmYjczMC1lY2FhLTExZTYtOGY4OC0zNDM2M2JjN2M0YzAiOnsiY3JlYXRlIjoxMjAwMDAwMDAwMDAwLCJkZWxldGUiOjEyMDAwMDAwMDAwMDAsInVwZGF0ZSI6MTIwMDAwMDAwMDAwMH19"
        },
        {
          "index_key": "document-classification-result",
          "schema_version": 0,
          "attributes": {
            "effective_labels": {},
            "id": "projects/zsynergy/topics/document-classification-result",
            "ingestion_data_source_settings": [],
            "kms_key_name": "",
            "labels": {},
            "message_retention_duration": "604800s",
            "message_storage_policy": [],
            "name": "document-classification-result",
            "project": "zsynergy",
            "schema_settings": [],
            "terraform_labels": {},
            "timeouts": null
          },
          "sensitive_attributes": [],
          "identity_schema_version": 0,
          "private": "eyJlMmJmYjczMC1lY2FhLTExZTYtOGY4OC0zNDM2M2JjN2M0YzAiOnsiY3JlYXRlIjoxMjAwMDAwMDAwMDAwLCJkZWxldGUiOjEyMDAwMDAwMDAwMDAsInVwZGF0ZSI6MTIwMDAwMDAwMDAwMH19"
        },
        {
          "index_key": "invoice-events",
          "schema_version": 0,
          "attributes": {
            "effective_labels": {},
            "id": "projects/zsynergy/topics/invoice-events",
            "ingestion_data_source_settings": [],
            "kms_key_name": "",
            "labels": {},
            "message_retention_duration": "604800s",
            "message_storage_policy": [],
            "name": "invoice-events",
            "project": "zsynergy",
            "schema_settings": [],
            "terraform_labels": {},
            "timeouts": null
          },
          "sensitive_attributes": [],
          "identity_schema_version": 0,
          "private": "eyJlMmJmYjczMC1lY2FhLTExZTYtOGY4OC0zNDM2M2JjN2M0YzAiOnsiY3JlYXRlIjoxMjAwMDAwMDAwMDAwLCJkZWxldGUiOjEyMDAwMDAwMDAwMDAsInVwZGF0ZSI6MTIwMDAwMDAwMDAwMH19"
        },
        {
          "index_key": "storage-finalize-events",
          "schema_version": 0,
          "attributes": {
            "effective_labels": {},
            "id": "projects/zsynergy/topics/storage-finalize-events",
            "ingestion_data_source_settings": [],
            "kms_key_name": "",
            "labels": {},
            "message_retention_duration": "604800s",
            "message_storage_policy": [],
            "name": "storage-finalize-events",
            "project": "zsynergy",
            "schema_settings": [],
            "terraform_labels": {},
            "timeouts": null
          },
          "sensitive_attributes": [],
          "identity_schema_version": 0,
          "private": "eyJlMmJmYjczMC1lY2FhLTExZTYtOGY4OC0zNDM2M2JjN2M0YzAiOnsiY3JlYXRlIjoxMjAwMDAwMDAwMDAwLCJkZWxldGUiOjEyMDAwMDAwMDAwMDAsInVwZGF0ZSI6MTIwMDAwMDAwMDAwMH19"
        }
      ]
    },
    {
      "mode": "managed",
      "type": "google_secret_manager_secret",
      "name": "secrets",
      "provider": "provider[\"registry.terraform.io/hashicorp/google\"]",
      "instances": [
        {
          "index_key": "aeromon-db-password",
          "schema_version": 0,
          "attributes": {
            "annotations": {},
            "create_time": "2026-04-06T19:45:18.740963Z",
            "effective_annotations": {},
            "effective_labels": {},
            "expire_time": "",
            "id": "projects/zsynergy/secrets/aeromon-db-password",
            "labels": {},
            "name": "projects/169534479989/secrets/aeromon-db-password",
            "project": "zsynergy",
            "replication": [
              {
                "auto": [
                  {
                    "customer_managed_encryption": []
                  }
                ],
                "user_managed": []
              }
            ],
            "rotation": [],
            "secret_id": "aeromon-db-password",
            "terraform_labels": {},
            "timeouts": null,
            "topics": [],
            "ttl": null,
            "version_aliases": {},
            "version_destroy_ttl": ""
          },
          "sensitive_attributes": [],
          "identity_schema_version": 0,
          "private": "eyJlMmJmYjczMC1lY2FhLTExZTYtOGY4OC0zNDM2M2JjN2M0YzAiOnsiY3JlYXRlIjoxMjAwMDAwMDAwMDAwLCJkZWxldGUiOjEyMDAwMDAwMDAwMDAsInVwZGF0ZSI6MTIwMDAwMDAwMDAwMH0sInNjaGVtYV92ZXJzaW9uIjoiMCJ9"
        },
        {
          "index_key": "aeromon-email-completed-url",
          "schema_version": 0,
          "attributes": {
            "annotations": {},
            "create_time": "2026-04-06T21:50:43.136292Z",
            "effective_annotations": {},
            "effective_labels": {},
            "expire_time": "",
            "id": "projects/zsynergy/secrets/aeromon-email-completed-url",
            "labels": {},
            "name": "projects/169534479989/secrets/aeromon-email-completed-url",
            "project": "zsynergy",
            "replication": [
              {
                "auto": [
                  {
                    "customer_managed_encryption": []
                  }
                ],
                "user_managed": []
              }
            ],
            "rotation": [],
            "secret_id": "aeromon-email-completed-url",
            "terraform_labels": {},
            "timeouts": null,
            "topics": [],
            "ttl": null,
            "version_aliases": {},
            "version_destroy_ttl": ""
          },
          "sensitive_attributes": [],
          "identity_schema_version": 0,
          "private": "eyJlMmJmYjczMC1lY2FhLTExZTYtOGY4OC0zNDM2M2JjN2M0YzAiOnsiY3JlYXRlIjoxMjAwMDAwMDAwMDAwLCJkZWxldGUiOjEyMDAwMDAwMDAwMDAsInVwZGF0ZSI6MTIwMDAwMDAwMDAwMH0sInNjaGVtYV92ZXJzaW9uIjoiMCJ9"
        },
        {
          "index_key": "aeromon-firebase-admin-sa",
          "schema_version": 0,
          "attributes": {
            "annotations": {},
            "create_time": "2026-04-11T09:37:54.273647Z",
            "effective_annotations": {},
            "effective_labels": {},
            "expire_time": "",
            "id": "projects/zsynergy/secrets/aeromon-firebase-admin-sa",
            "labels": {},
            "name": "projects/169534479989/secrets/aeromon-firebase-admin-sa",
            "project": "zsynergy",
            "replication": [
              {
                "auto": [
                  {
                    "customer_managed_encryption": []
                  }
                ],
                "user_managed": []
              }
            ],
            "rotation": [],
            "secret_id": "aeromon-firebase-admin-sa",
            "terraform_labels": {},
            "timeouts": null,
            "topics": [],
            "ttl": null,
            "version_aliases": {},
            "version_destroy_ttl": ""
          },
          "sensitive_attributes": [],
          "identity_schema_version": 0,
          "private": "eyJlMmJmYjczMC1lY2FhLTExZTYtOGY4OC0zNDM2M2JjN2M0YzAiOnsiY3JlYXRlIjoxMjAwMDAwMDAwMDAwLCJkZWxldGUiOjEyMDAwMDAwMDAwMDAsInVwZGF0ZSI6MTIwMDAwMDAwMDAwMH0sInNjaGVtYV92ZXJzaW9uIjoiMCJ9"
        },
        {
          "index_key": "aeromon-firebase-api-key",
          "schema_version": 0,
          "attributes": {
            "annotations": {},
            "create_time": "2026-04-07T16:21:45.526024Z",
            "effective_annotations": {},
            "effective_labels": {},
            "expire_time": "",
            "id": "projects/zsynergy/secrets/aeromon-firebase-api-key",
            "labels": {},
            "name": "projects/169534479989/secrets/aeromon-firebase-api-key",
            "project": "zsynergy",
            "replication": [
              {
                "auto": [
                  {
                    "customer_managed_encryption": []
                  }
                ],
                "user_managed": []
              }
            ],
            "rotation": [],
            "secret_id": "aeromon-firebase-api-key",
            "terraform_labels": {},
            "timeouts": null,
            "topics": [],
            "ttl": null,
            "version_aliases": {},
            "version_destroy_ttl": ""
          },
          "sensitive_attributes": [],
          "identity_schema_version": 0,
          "private": "eyJlMmJmYjczMC1lY2FhLTExZTYtOGY4OC0zNDM2M2JjN2M0YzAiOnsiY3JlYXRlIjoxMjAwMDAwMDAwMDAwLCJkZWxldGUiOjEyMDAwMDAwMDAwMDAsInVwZGF0ZSI6MTIwMDAwMDAwMDAwMH0sInNjaGVtYV92ZXJzaW9uIjoiMCJ9"
        },
        {
          "index_key": "aeromon-firebase-app-id",
          "schema_version": 0,
          "attributes": {
            "annotations": {},
            "create_time": "2026-04-07T16:13:04.160371Z",
            "effective_annotations": {},
            "effective_labels": {},
            "expire_time": "",
            "id": "projects/zsynergy/secrets/aeromon-firebase-app-id",
            "labels": {},
            "name": "projects/169534479989/secrets/aeromon-firebase-app-id",
            "project": "zsynergy",
            "replication": [
              {
                "auto": [
                  {
                    "customer_managed_encryption": []
                  }
                ],
                "user_managed": []
              }
            ],
            "rotation": [],
            "secret_id": "aeromon-firebase-app-id",
            "terraform_labels": {},
            "timeouts": null,
            "topics": [],
            "ttl": null,
            "version_aliases": {},
            "version_destroy_ttl": ""
          },
          "sensitive_attributes": [],
          "identity_schema_version": 0,
          "private": "eyJlMmJmYjczMC1lY2FhLTExZTYtOGY4OC0zNDM2M2JjN2M0YzAiOnsiY3JlYXRlIjoxMjAwMDAwMDAwMDAwLCJkZWxldGUiOjEyMDAwMDAwMDAwMDAsInVwZGF0ZSI6MTIwMDAwMDAwMDAwMH0sInNjaGVtYV92ZXJzaW9uIjoiMCJ9"
        },
        {
          "index_key": "aeromon-firebase-messaging-sender-id",
          "schema_version": 0,
          "attributes": {
            "annotations": {},
            "create_time": "2026-04-07T16:13:01.375273Z",
            "effective_annotations": {},
            "effective_labels": {},
            "expire_time": "",
            "id": "projects/zsynergy/secrets/aeromon-firebase-messaging-sender-id",
            "labels": {},
            "name": "projects/169534479989/secrets/aeromon-firebase-messaging-sender-id",
            "project": "zsynergy",
            "replication": [
              {
                "auto": [
                  {
                    "customer_managed_encryption": []
                  }
                ],
                "user_managed": []
              }
            ],
            "rotation": [],
            "secret_id": "aeromon-firebase-messaging-sender-id",
            "terraform_labels": {},
            "timeouts": null,
            "topics": [],
            "ttl": null,
            "version_aliases": {},
            "version_destroy_ttl": ""
          },
          "sensitive_attributes": [],
          "identity_schema_version": 0,
          "private": "eyJlMmJmYjczMC1lY2FhLTExZTYtOGY4OC0zNDM2M2JjN2M0YzAiOnsiY3JlYXRlIjoxMjAwMDAwMDAwMDAwLCJkZWxldGUiOjEyMDAwMDAwMDAwMDAsInVwZGF0ZSI6MTIwMDAwMDAwMDAwMH0sInNjaGVtYV92ZXJzaW9uIjoiMCJ9"
        },
        {
          "index_key": "aeromon-gemini-api-key",
          "schema_version": 0,
          "attributes": {
            "annotations": {},
            "create_time": "2026-04-07T09:36:18.914601Z",
            "effective_annotations": {},
            "effective_labels": {},
            "expire_time": "",
            "id": "projects/zsynergy/secrets/aeromon-gemini-api-key",
            "labels": {},
            "name": "projects/169534479989/secrets/aeromon-gemini-api-key",
            "project": "zsynergy",
            "replication": [
              {
                "auto": [
                  {
                    "customer_managed_encryption": []
                  }
                ],
                "user_managed": []
              }
            ],
            "rotation": [],
            "secret_id": "aeromon-gemini-api-key",
            "terraform_labels": {},
            "timeouts": null,
            "topics": [],
            "ttl": null,
            "version_aliases": {},
            "version_destroy_ttl": ""
          },
          "sensitive_attributes": [],
          "identity_schema_version": 0,
          "private": "eyJlMmJmYjczMC1lY2FhLTExZTYtOGY4OC0zNDM2M2JjN2M0YzAiOnsiY3JlYXRlIjoxMjAwMDAwMDAwMDAwLCJkZWxldGUiOjEyMDAwMDAwMDAwMDAsInVwZGF0ZSI6MTIwMDAwMDAwMDAwMH0sInNjaGVtYV92ZXJzaW9uIjoiMCJ9"
        },
        {
          "index_key": "aeromon-google-client-id",
          "schema_version": 0,
          "attributes": {
            "annotations": {},
            "create_time": "2026-04-06T21:50:21.534174Z",
            "effective_annotations": {},
            "effective_labels": {},
            "expire_time": "",
            "id": "projects/zsynergy/secrets/aeromon-google-client-id",
            "labels": {},
            "name": "projects/169534479989/secrets/aeromon-google-client-id",
            "project": "zsynergy",
            "replication": [
              {
                "auto": [
                  {
                    "customer_managed_encryption": []
                  }
                ],
                "user_managed": []
              }
            ],
            "rotation": [],
            "secret_id": "aeromon-google-client-id",
            "terraform_labels": {},
            "timeouts": null,
            "topics": [],
            "ttl": null,
            "version_aliases": {},
            "version_destroy_ttl": ""
          },
          "sensitive_attributes": [],
          "identity_schema_version": 0,
          "private": "eyJlMmJmYjczMC1lY2FhLTExZTYtOGY4OC0zNDM2M2JjN2M0YzAiOnsiY3JlYXRlIjoxMjAwMDAwMDAwMDAwLCJkZWxldGUiOjEyMDAwMDAwMDAwMDAsInVwZGF0ZSI6MTIwMDAwMDAwMDAwMH0sInNjaGVtYV92ZXJzaW9uIjoiMCJ9"
        },
        {
          "index_key": "aeromon-google-client-secret",
          "schema_version": 0,
          "attributes": {
            "annotations": {},
            "create_time": "2026-04-06T21:50:24.190263Z",
            "effective_annotations": {},
            "effective_labels": {},
            "expire_time": "",
            "id": "projects/zsynergy/secrets/aeromon-google-client-secret",
            "labels": {},
            "name": "projects/169534479989/secrets/aeromon-google-client-secret",
            "project": "zsynergy",
            "replication": [
              {
                "auto": [
                  {
                    "customer_managed_encryption": []
                  }
                ],
                "user_managed": []
              }
            ],
            "rotation": [],
            "secret_id": "aeromon-google-client-secret",
            "terraform_labels": {},
            "timeouts": null,
            "topics": [],
            "ttl": null,
            "version_aliases": {},
            "version_destroy_ttl": ""
          },
          "sensitive_attributes": [],
          "identity_schema_version": 0,
          "private": "eyJlMmJmYjczMC1lY2FhLTExZTYtOGY4OC0zNDM2M2JjN2M0YzAiOnsiY3JlYXRlIjoxMjAwMDAwMDAwMDAwLCJkZWxldGUiOjEyMDAwMDAwMDAwMDAsInVwZGF0ZSI6MTIwMDAwMDAwMDAwMH0sInNjaGVtYV92ZXJzaW9uIjoiMCJ9"
        },
        {
          "index_key": "aeromon-google-error-redirect",
          "schema_version": 0,
          "attributes": {
            "annotations": {},
            "create_time": "2026-04-06T21:50:32.170977Z",
            "effective_annotations": {},
            "effective_labels": {},
            "expire_time": "",
            "id": "projects/zsynergy/secrets/aeromon-google-error-redirect",
            "labels": {},
            "name": "projects/169534479989/secrets/aeromon-google-error-redirect",
            "project": "zsynergy",
            "replication": [
              {
                "auto": [
                  {
                    "customer_managed_encryption": []
                  }
                ],
                "user_managed": []
              }
            ],
            "rotation": [],
            "secret_id": "aeromon-google-error-redirect",
            "terraform_labels": {},
            "timeouts": null,
            "topics": [],
            "ttl": null,
            "version_aliases": {},
            "version_destroy_ttl": ""
          },
          "sensitive_attributes": [],
          "identity_schema_version": 0,
          "private": "eyJlMmJmYjczMC1lY2FhLTExZTYtOGY4OC0zNDM2M2JjN2M0YzAiOnsiY3JlYXRlIjoxMjAwMDAwMDAwMDAwLCJkZWxldGUiOjEyMDAwMDAwMDAwMDAsInVwZGF0ZSI6MTIwMDAwMDAwMDAwMH0sInNjaGVtYV92ZXJzaW9uIjoiMCJ9"
        },
        {
          "index_key": "aeromon-google-redirect-uri",
          "schema_version": 0,
          "attributes": {
            "annotations": {},
            "create_time": "2026-04-06T21:50:26.916434Z",
            "effective_annotations": {},
            "effective_labels": {},
            "expire_time": "",
            "id": "projects/zsynergy/secrets/aeromon-google-redirect-uri",
            "labels": {},
            "name": "projects/169534479989/secrets/aeromon-google-redirect-uri",
            "project": "zsynergy",
            "replication": [
              {
                "auto": [
                  {
                    "customer_managed_encryption": []
                  }
                ],
                "user_managed": []
              }
            ],
            "rotation": [],
            "secret_id": "aeromon-google-redirect-uri",
            "terraform_labels": {},
            "timeouts": null,
            "topics": [],
            "ttl": null,
            "version_aliases": {},
            "version_destroy_ttl": ""
          },
          "sensitive_attributes": [],
          "identity_schema_version": 0,
          "private": "eyJlMmJmYjczMC1lY2FhLTExZTYtOGY4OC0zNDM2M2JjN2M0YzAiOnsiY3JlYXRlIjoxMjAwMDAwMDAwMDAwLCJkZWxldGUiOjEyMDAwMDAwMDAwMDAsInVwZGF0ZSI6MTIwMDAwMDAwMDAwMH0sInNjaGVtYV92ZXJzaW9uIjoiMCJ9"
        },
        {
          "index_key": "aeromon-google-revoke-url",
          "schema_version": 0,
          "attributes": {
            "annotations": {},
            "create_time": "2026-04-06T21:50:34.657875Z",
            "effective_annotations": {},
            "effective_labels": {},
            "expire_time": "",
            "id": "projects/zsynergy/secrets/aeromon-google-revoke-url",
            "labels": {},
            "name": "projects/169534479989/secrets/aeromon-google-revoke-url",
            "project": "zsynergy",
            "replication": [
              {
                "auto": [
                  {
                    "customer_managed_encryption": []
                  }
                ],
                "user_managed": []
              }
            ],
            "rotation": [],
            "secret_id": "aeromon-google-revoke-url",
            "terraform_labels": {},
            "timeouts": null,
            "topics": [],
            "ttl": null,
            "version_aliases": {},
            "version_destroy_ttl": ""
          },
          "sensitive_attributes": [],
          "identity_schema_version": 0,
          "private": "eyJlMmJmYjczMC1lY2FhLTExZTYtOGY4OC0zNDM2M2JjN2M0YzAiOnsiY3JlYXRlIjoxMjAwMDAwMDAwMDAwLCJkZWxldGUiOjEyMDAwMDAwMDAwMDAsInVwZGF0ZSI6MTIwMDAwMDAwMDAwMH0sInNjaGVtYV92ZXJzaW9uIjoiMCJ9"
        },
        {
          "index_key": "aeromon-google-success-redirect",
          "schema_version": 0,
          "attributes": {
            "annotations": {},
            "create_time": "2026-04-06T21:50:29.512015Z",
            "effective_annotations": {},
            "effective_labels": {},
            "expire_time": "",
            "id": "projects/zsynergy/secrets/aeromon-google-success-redirect",
            "labels": {},
            "name": "projects/169534479989/secrets/aeromon-google-success-redirect",
            "project": "zsynergy",
            "replication": [
              {
                "auto": [
                  {
                    "customer_managed_encryption": []
                  }
                ],
                "user_managed": []
              }
            ],
            "rotation": [],
            "secret_id": "aeromon-google-success-redirect",
            "terraform_labels": {},
            "timeouts": null,
            "topics": [],
            "ttl": null,
            "version_aliases": {},
            "version_destroy_ttl": ""
          },
          "sensitive_attributes": [],
          "identity_schema_version": 0,
          "private": "eyJlMmJmYjczMC1lY2FhLTExZTYtOGY4OC0zNDM2M2JjN2M0YzAiOnsiY3JlYXRlIjoxMjAwMDAwMDAwMDAwLCJkZWxldGUiOjEyMDAwMDAwMDAwMDAsInVwZGF0ZSI6MTIwMDAwMDAwMDAwMH0sInNjaGVtYV92ZXJzaW9uIjoiMCJ9"
        },
        {
          "index_key": "aeromon-hf-token",
          "schema_version": 0,
          "attributes": {
            "annotations": {},
            "create_time": "2026-04-07T10:57:19.093512Z",
            "effective_annotations": {},
            "effective_labels": {},
            "expire_time": "",
            "id": "projects/zsynergy/secrets/aeromon-hf-token",
            "labels": {},
            "name": "projects/169534479989/secrets/aeromon-hf-token",
            "project": "zsynergy",
            "replication": [
              {
                "auto": [
                  {
                    "customer_managed_encryption": []
                  }
                ],
                "user_managed": []
              }
            ],
            "rotation": [],
            "secret_id": "aeromon-hf-token",
            "terraform_labels": {},
            "timeouts": null,
            "topics": [],
            "ttl": null,
            "version_aliases": {},
            "version_destroy_ttl": ""
          },
          "sensitive_attributes": [],
          "identity_schema_version": 0,
          "private": "eyJlMmJmYjczMC1lY2FhLTExZTYtOGY4OC0zNDM2M2JjN2M0YzAiOnsiY3JlYXRlIjoxMjAwMDAwMDAwMDAwLCJkZWxldGUiOjEyMDAwMDAwMDAwMDAsInVwZGF0ZSI6MTIwMDAwMDAwMDAwMH0sInNjaGVtYV92ZXJzaW9uIjoiMCJ9"
        },
        {
          "index_key": "aeromon-oauth-state-secret",
          "schema_version": 0,
          "attributes": {
            "annotations": {},
            "create_time": "2026-04-14T19:49:27.962258Z",
            "effective_annotations": {},
            "effective_labels": {},
            "expire_time": "",
            "id": "projects/zsynergy/secrets/aeromon-oauth-state-secret",
            "labels": {},
            "name": "projects/169534479989/secrets/aeromon-oauth-state-secret",
            "project": "zsynergy",
            "replication": [
              {
                "auto": [
                  {
                    "customer_managed_encryption": []
                  }
                ],
                "user_managed": []
              }
            ],
            "rotation": [],
            "secret_id": "aeromon-oauth-state-secret",
            "terraform_labels": {},
            "timeouts": null,
            "topics": [],
            "ttl": null,
            "version_aliases": {},
            "version_destroy_ttl": ""
          },
          "sensitive_attributes": [],
          "identity_schema_version": 0,
          "private": "eyJlMmJmYjczMC1lY2FhLTExZTYtOGY4OC0zNDM2M2JjN2M0YzAiOnsiY3JlYXRlIjoxMjAwMDAwMDAwMDAwLCJkZWxldGUiOjEyMDAwMDAwMDAwMDAsInVwZGF0ZSI6MTIwMDAwMDAwMDAwMH0sInNjaGVtYV92ZXJzaW9uIjoiMCJ9"
        },
        {
          "index_key": "aeromon-openai-api-key",
          "schema_version": 0,
          "attributes": {
            "annotations": {},
            "create_time": "2026-04-07T09:38:26.173043Z",
            "effective_annotations": {},
            "effective_labels": {},
            "expire_time": "",
            "id": "projects/zsynergy/secrets/aeromon-openai-api-key",
            "labels": {},
            "name": "projects/169534479989/secrets/aeromon-openai-api-key",
            "project": "zsynergy",
            "replication": [
              {
                "auto": [
                  {
                    "customer_managed_encryption": []
                  }
                ],
                "user_managed": []
              }
            ],
            "rotation": [],
            "secret_id": "aeromon-openai-api-key",
            "terraform_labels": {},
            "timeouts": null,
            "topics": [],
            "ttl": null,
            "version_aliases": {},
            "version_destroy_ttl": ""
          },
          "sensitive_attributes": [],
          "identity_schema_version": 0,
          "private": "eyJlMmJmYjczMC1lY2FhLTExZTYtOGY4OC0zNDM2M2JjN2M0YzAiOnsiY3JlYXRlIjoxMjAwMDAwMDAwMDAwLCJkZWxldGUiOjEyMDAwMDAwMDAwMDAsInVwZGF0ZSI6MTIwMDAwMDAwMDAwMH0sInNjaGVtYV92ZXJzaW9uIjoiMCJ9"
        }
      ]
    },
    {
      "mode": "managed",
      "type": "google_secret_manager_secret_iam_member",
      "name": "classifier_admin_sa",
      "provider": "provider[\"registry.terraform.io/hashicorp/google\"]",
      "instances": [
        {
          "index_key": 0,
          "schema_version": 0,
          "attributes": {
            "condition": [],
            "etag": "BwZPnzi2p1o=",
            "id": "projects/zsynergy/secrets/aeromon-firebase-admin-sa/roles/secretmanager.secretAccessor/serviceAccount:zsds-sa-classifier@zsynergy.iam.gserviceaccount.com",
            "member": "serviceAccount:zsds-sa-classifier@zsynergy.iam.gserviceaccount.com",
            "project": "zsynergy",
            "role": "roles/secretmanager.secretAccessor",
            "secret_id": "projects/zsynergy/secrets/aeromon-firebase-admin-sa"
          },
          "sensitive_attributes": [],
          "identity_schema_version": 0,
          "private": "bnVsbA==",
          "dependencies": [
            "google_secret_manager_secret.secrets",
            "google_service_account.classifier"
          ]
        }
      ]
    },
    {
      "mode": "managed",
      "type": "google_secret_manager_secret_iam_member",
      "name": "classifier_api_keys",
      "provider": "provider[\"registry.terraform.io/hashicorp/google\"]",
      "instances": [
        {
          "index_key": "aeromon-gemini-api-key",
          "schema_version": 0,
          "attributes": {
            "condition": [],
            "etag": "BwZPnzhFpnk=",
            "id": "projects/zsynergy/secrets/aeromon-gemini-api-key/roles/secretmanager.secretAccessor/serviceAccount:zsds-sa-classifier@zsynergy.iam.gserviceaccount.com",
            "member": "serviceAccount:zsds-sa-classifier@zsynergy.iam.gserviceaccount.com",
            "project": "zsynergy",
            "role": "roles/secretmanager.secretAccessor",
            "secret_id": "projects/zsynergy/secrets/aeromon-gemini-api-key"
          },
          "sensitive_attributes": [],
          "identity_schema_version": 0,
          "private": "bnVsbA==",
          "dependencies": [
            "google_secret_manager_secret.secrets",
            "google_service_account.classifier"
          ]
        },
        {
          "index_key": "aeromon-hf-token",
          "schema_version": 0,
          "attributes": {
            "condition": [],
            "etag": "BwZPnzheqns=",
            "id": "projects/zsynergy/secrets/aeromon-hf-token/roles/secretmanager.secretAccessor/serviceAccount:zsds-sa-classifier@zsynergy.iam.gserviceaccount.com",
            "member": "serviceAccount:zsds-sa-classifier@zsynergy.iam.gserviceaccount.com",
            "project": "zsynergy",
            "role": "roles/secretmanager.secretAccessor",
            "secret_id": "projects/zsynergy/secrets/aeromon-hf-token"
          },
          "sensitive_attributes": [],
          "identity_schema_version": 0,
          "private": "bnVsbA==",
          "dependencies": [
            "google_secret_manager_secret.secrets",
            "google_service_account.classifier"
          ]
        },
        {
          "index_key": "aeromon-openai-api-key",
          "schema_version": 0,
          "attributes": {
            "condition": [],
            "etag": "BwZPnzgxyxc=",
            "id": "projects/zsynergy/secrets/aeromon-openai-api-key/roles/secretmanager.secretAccessor/serviceAccount:zsds-sa-classifier@zsynergy.iam.gserviceaccount.com",
            "member": "serviceAccount:zsds-sa-classifier@zsynergy.iam.gserviceaccount.com",
            "project": "zsynergy",
            "role": "roles/secretmanager.secretAccessor",
            "secret_id": "projects/zsynergy/secrets/aeromon-openai-api-key"
          },
          "sensitive_attributes": [],
          "identity_schema_version": 0,
          "private": "bnVsbA==",
          "dependencies": [
            "google_secret_manager_secret.secrets",
            "google_service_account.classifier"
          ]
        }
      ]
    },
    {
      "mode": "managed",
      "type": "google_secret_manager_secret_iam_member",
      "name": "springboot_admin_sa",
      "provider": "provider[\"registry.terraform.io/hashicorp/google\"]",
      "instances": [
        {
          "index_key": 0,
          "schema_version": 0,
          "attributes": {
            "condition": [],
            "etag": "BwZPnzi2p1o=",
            "id": "projects/zsynergy/secrets/aeromon-firebase-admin-sa/roles/secretmanager.secretAccessor/serviceAccount:zsds-sa-springboot@zsynergy.iam.gserviceaccount.com",
            "member": "serviceAccount:zsds-sa-springboot@zsynergy.iam.gserviceaccount.com",
            "project": "zsynergy",
            "role": "roles/secretmanager.secretAccessor",
            "secret_id": "projects/zsynergy/secrets/aeromon-firebase-admin-sa"
          },
          "sensitive_attributes": [],
          "identity_schema_version": 0,
          "private": "bnVsbA==",
          "dependencies": [
            "google_secret_manager_secret.secrets",
            "google_service_account.springboot"
          ]
        }
      ]
    },
    {
      "mode": "managed",
      "type": "google_secret_manager_secret_iam_member",
      "name": "springboot_db_password",
      "provider": "provider[\"registry.terraform.io/hashicorp/google\"]",
      "instances": [
        {
          "index_key": 0,
          "schema_version": 0,
          "attributes": {
            "condition": [],
            "etag": "BwZPnziKjj0=",
            "id": "projects/zsynergy/secrets/aeromon-db-password/roles/secretmanager.secretAccessor/serviceAccount:zsds-sa-springboot@zsynergy.iam.gserviceaccount.com",
            "member": "serviceAccount:zsds-sa-springboot@zsynergy.iam.gserviceaccount.com",
            "project": "zsynergy",
            "role": "roles/secretmanager.secretAccessor",
            "secret_id": "projects/zsynergy/secrets/aeromon-db-password"
          },
          "sensitive_attributes": [],
          "identity_schema_version": 0,
          "private": "bnVsbA==",
          "dependencies": [
            "google_secret_manager_secret.secrets",
            "google_service_account.springboot"
          ]
        }
      ]
    },
    {
      "mode": "managed",
      "type": "google_secret_manager_secret_iam_member",
      "name": "springboot_oauth_secrets",
      "provider": "provider[\"registry.terraform.io/hashicorp/google\"]",
      "instances": [
        {
          "index_key": "aeromon-email-completed-url",
          "schema_version": 0,
          "attributes": {
            "condition": [],
            "etag": "BwZPnzlAFkw=",
            "id": "projects/zsynergy/secrets/aeromon-email-completed-url/roles/secretmanager.secretAccessor/serviceAccount:zsds-sa-springboot@zsynergy.iam.gserviceaccount.com",
            "member": "serviceAccount:zsds-sa-springboot@zsynergy.iam.gserviceaccount.com",
            "project": "zsynergy",
            "role": "roles/secretmanager.secretAccessor",
            "secret_id": "projects/zsynergy/secrets/aeromon-email-completed-url"
          },
          "sensitive_attributes": [],
          "identity_schema_version": 0,
          "private": "bnVsbA==",
          "dependencies": [
            "google_secret_manager_secret.secrets",
            "google_service_account.springboot"
          ]
        },
        {
          "index_key": "aeromon-google-client-id",
          "schema_version": 0,
          "attributes": {
            "condition": [],
            "etag": "BwZPnzjIkYo=",
            "id": "projects/zsynergy/secrets/aeromon-google-client-id/roles/secretmanager.secretAccessor/serviceAccount:zsds-sa-springboot@zsynergy.iam.gserviceaccount.com",
            "member": "serviceAccount:zsds-sa-springboot@zsynergy.iam.gserviceaccount.com",
            "project": "zsynergy",
            "role": "roles/secretmanager.secretAccessor",
            "secret_id": "projects/zsynergy/secrets/aeromon-google-client-id"
          },
          "sensitive_attributes": [],
          "identity_schema_version": 0,
          "private": "bnVsbA==",
          "dependencies": [
            "google_secret_manager_secret.secrets",
            "google_service_account.springboot"
          ]
        },
        {
          "index_key": "aeromon-google-client-secret",
          "schema_version": 0,
          "attributes": {
            "condition": [],
            "etag": "BwZPnzjcU9E=",
            "id": "projects/zsynergy/secrets/aeromon-google-client-secret/roles/secretmanager.secretAccessor/serviceAccount:zsds-sa-springboot@zsynergy.iam.gserviceaccount.com",
            "member": "serviceAccount:zsds-sa-springboot@zsynergy.iam.gserviceaccount.com",
            "project": "zsynergy",
            "role": "roles/secretmanager.secretAccessor",
            "secret_id": "projects/zsynergy/secrets/aeromon-google-client-secret"
          },
          "sensitive_attributes": [],
          "identity_schema_version": 0,
          "private": "bnVsbA==",
          "dependencies": [
            "google_secret_manager_secret.secrets",
            "google_service_account.springboot"
          ]
        },
        {
          "index_key": "aeromon-google-error-redirect",
          "schema_version": 0,
          "attributes": {
            "condition": [],
            "etag": "BwZPnzksuJI=",
            "id": "projects/zsynergy/secrets/aeromon-google-error-redirect/roles/secretmanager.secretAccessor/serviceAccount:zsds-sa-springboot@zsynergy.iam.gserviceaccount.com",
            "member": "serviceAccount:zsds-sa-springboot@zsynergy.iam.gserviceaccount.com",
            "project": "zsynergy",
            "role": "roles/secretmanager.secretAccessor",
            "secret_id": "projects/zsynergy/secrets/aeromon-google-error-redirect"
          },
          "sensitive_attributes": [],
          "identity_schema_version": 0,
          "private": "bnVsbA==",
          "dependencies": [
            "google_secret_manager_secret.secrets",
            "google_service_account.springboot"
          ]
        },
        {
          "index_key": "aeromon-google-redirect-uri",
          "schema_version": 0,
          "attributes": {
            "condition": [],
            "etag": "BwZPnzjxnOY=",
            "id": "projects/zsynergy/secrets/aeromon-google-redirect-uri/roles/secretmanager.secretAccessor/serviceAccount:zsds-sa-springboot@zsynergy.iam.gserviceaccount.com",
            "member": "serviceAccount:zsds-sa-springboot@zsynergy.iam.gserviceaccount.com",
            "project": "zsynergy",
            "role": "roles/secretmanager.secretAccessor",
            "secret_id": "projects/zsynergy/secrets/aeromon-google-redirect-uri"
          },
          "sensitive_attributes": [],
          "identity_schema_version": 0,
          "private": "bnVsbA==",
          "dependencies": [
            "google_secret_manager_secret.secrets",
            "google_service_account.springboot"
          ]
        },
        {
          "index_key": "aeromon-google-revoke-url",
          "schema_version": 0,
          "attributes": {
            "condition": [],
            "etag": "BwZPnzkF12w=",
            "id": "projects/zsynergy/secrets/aeromon-google-revoke-url/roles/secretmanager.secretAccessor/serviceAccount:zsds-sa-springboot@zsynergy.iam.gserviceaccount.com",
            "member": "serviceAccount:zsds-sa-springboot@zsynergy.iam.gserviceaccount.com",
            "project": "zsynergy",
            "role": "roles/secretmanager.secretAccessor",
            "secret_id": "projects/zsynergy/secrets/aeromon-google-revoke-url"
          },
          "sensitive_attributes": [],
          "identity_schema_version": 0,
          "private": "bnVsbA==",
          "dependencies": [
            "google_secret_manager_secret.secrets",
            "google_service_account.springboot"
          ]
        },
        {
          "index_key": "aeromon-google-success-redirect",
          "schema_version": 0,
          "attributes": {
            "condition": [],
            "etag": "BwZPnzkZhRo=",
            "id": "projects/zsynergy/secrets/aeromon-google-success-redirect/roles/secretmanager.secretAccessor/serviceAccount:zsds-sa-springboot@zsynergy.iam.gserviceaccount.com",
            "member": "serviceAccount:zsds-sa-springboot@zsynergy.iam.gserviceaccount.com",
            "project": "zsynergy",
            "role": "roles/secretmanager.secretAccessor",
            "secret_id": "projects/zsynergy/secrets/aeromon-google-success-redirect"
          },
          "sensitive_attributes": [],
          "identity_schema_version": 0,
          "private": "bnVsbA==",
          "dependencies": [
            "google_secret_manager_secret.secrets",
            "google_service_account.springboot"
          ]
        },
        {
          "index_key": "aeromon-oauth-state-secret",
          "schema_version": 0,
          "attributes": {
            "condition": [],
            "etag": "BwZPcR8H+Eg=",
            "id": "projects/zsynergy/secrets/aeromon-oauth-state-secret/roles/secretmanager.secretAccessor/serviceAccount:zsds-sa-springboot@zsynergy.iam.gserviceaccount.com",
            "member": "serviceAccount:zsds-sa-springboot@zsynergy.iam.gserviceaccount.com",
            "project": "zsynergy",
            "role": "roles/secretmanager.secretAccessor",
            "secret_id": "projects/zsynergy/secrets/aeromon-oauth-state-secret"
          },
          "sensitive_attributes": [],
          "identity_schema_version": 0,
          "private": "bnVsbA==",
          "dependencies": [
            "google_secret_manager_secret.secrets",
            "google_service_account.springboot"
          ]
        }
      ]
    },
    {
      "mode": "managed",
      "type": "google_service_account",
      "name": "classifier",
      "provider": "provider[\"registry.terraform.io/hashicorp/google\"]",
      "instances": [
        {
          "index_key": 0,
          "schema_version": 0,
          "attributes": {
            "account_id": "zsds-sa-classifier",
            "create_ignore_already_exists": null,
            "description": "",
            "disabled": false,
            "display_name": "ZSDS Classifier API Service Account",
            "email": "zsds-sa-classifier@zsynergy.iam.gserviceaccount.com",
            "id": "projects/zsynergy/serviceAccounts/zsds-sa-classifier@zsynergy.iam.gserviceaccount.com",
            "member": "serviceAccount:zsds-sa-classifier@zsynergy.iam.gserviceaccount.com",
            "name": "projects/zsynergy/serviceAccounts/zsds-sa-classifier@zsynergy.iam.gserviceaccount.com",
            "project": "zsynergy",
            "timeouts": null,
            "unique_id": "113998194494669568612"
          },
          "sensitive_attributes": [],
          "identity_schema_version": 0,
          "private": "eyJlMmJmYjczMC1lY2FhLTExZTYtOGY4OC0zNDM2M2JjN2M0YzAiOnsiY3JlYXRlIjozMDAwMDAwMDAwMDB9LCJzY2hlbWFfdmVyc2lvbiI6IjAifQ=="
        }
      ]
    },
    {
      "mode": "managed",
      "type": "google_service_account",
      "name": "frontend",
      "provider": "provider[\"registry.terraform.io/hashicorp/google\"]",
      "instances": [
        {
          "index_key": 0,
          "schema_version": 0,
          "attributes": {
            "account_id": "zsds-sa-frontend",
            "create_ignore_already_exists": null,
            "description": "",
            "disabled": false,
            "display_name": "ZSDS Frontend Service Account",
            "email": "zsds-sa-frontend@zsynergy.iam.gserviceaccount.com",
            "id": "projects/zsynergy/serviceAccounts/zsds-sa-frontend@zsynergy.iam.gserviceaccount.com",
            "member": "serviceAccount:zsds-sa-frontend@zsynergy.iam.gserviceaccount.com",
            "name": "projects/zsynergy/serviceAccounts/zsds-sa-frontend@zsynergy.iam.gserviceaccount.com",
            "project": "zsynergy",
            "timeouts": null,
            "unique_id": "110955142264717025710"
          },
          "sensitive_attributes": [],
          "identity_schema_version": 0,
          "private": "eyJlMmJmYjczMC1lY2FhLTExZTYtOGY4OC0zNDM2M2JjN2M0YzAiOnsiY3JlYXRlIjozMDAwMDAwMDAwMDB9LCJzY2hlbWFfdmVyc2lvbiI6IjAifQ=="
        }
      ]
    },
    {
      "mode": "managed",
      "type": "google_service_account",
      "name": "springboot",
      "provider": "provider[\"registry.terraform.io/hashicorp/google\"]",
      "instances": [
        {
          "index_key": 0,
          "schema_version": 0,
          "attributes": {
            "account_id": "zsds-sa-springboot",
            "create_ignore_already_exists": null,
            "description": "",
            "disabled": false,
            "display_name": "ZSDS Spring Boot API Service Account",
            "email": "zsds-sa-springboot@zsynergy.iam.gserviceaccount.com",
            "id": "projects/zsynergy/serviceAccounts/zsds-sa-springboot@zsynergy.iam.gserviceaccount.com",
            "member": "serviceAccount:zsds-sa-springboot@zsynergy.iam.gserviceaccount.com",
            "name": "projects/zsynergy/serviceAccounts/zsds-sa-springboot@zsynergy.iam.gserviceaccount.com",
            "project": "zsynergy",
            "timeouts": null,
            "unique_id": "112707258831291804771"
          },
          "sensitive_attributes": [],
          "identity_schema_version": 0,
          "private": "eyJlMmJmYjczMC1lY2FhLTExZTYtOGY4OC0zNDM2M2JjN2M0YzAiOnsiY3JlYXRlIjozMDAwMDAwMDAwMDB9LCJzY2hlbWFfdmVyc2lvbiI6IjAifQ=="
        }
      ]
    }
  ],
  "check_results": null
}
